
Microsoft Visual Studio Solution File, Format Version 12.00
# Visual Studio 15
VisualStudioVersion = 15.0.28307.102
MinimumVisualStudioVersion = 10.0.40219.1
Project("{FAE04EC0-301F-11D3-BF4B-00C04F79EFBC}") = "Przykład 2.3", "Przykład 2.3\Przykład 2.3.csproj", "{5D5FC88D-0C8D-49F1-8A99-189178BA36EA}"
EndProject
Project("{FAE04EC0-301F-11D3-BF4B-00C04F79EFBC}") = "Przykład 2.4", "Przykład 2.4\Przykład 2.4.csproj", "{77B73C36-3CBF-4C72-A93B-09DEC4830F80}"
EndProject
Project("{FAE04EC0-301F-11D3-BF4B-00C04F79EFBC}") = "Przykład 2.5", "Przykład 2.5\Przykład 2.5.csproj", "{D0164800-55A0-4776-9A7B-A7FE70A5D2FB}"
EndProject
Project("{FAE04EC0-301F-11D3-BF4B-00C04F79EFBC}") = "Przykład 2.6", "Przykład 2.6\Przykład 2.6.csproj", "{D1E0C6AF-106E-44DC-A1A8-6862B50D11E2}"
EndProject
Project("{FAE04EC0-301F-11D3-BF4B-00C04F79EFBC}") = "Przykład 2.7", "Przykład 2.7\Przykład 2.7.csproj", "{23BFA2E0-8132-4B4C-8C25-45696FCB14D3}"
EndProject
Project("{FAE04EC0-301F-11D3-BF4B-00C04F79EFBC}") = "Przykład 2.8", "Przykład 2.8\Przykład 2.8.csproj", "{0C85F165-9EAF-4975-9A87-E61C736B9E4E}"
EndProject
Project("{FAE04EC0-301F-11D3-BF4B-00C04F79EFBC}") = "Przykład 2.9", "Przykład 2.9\Przykład 2.9.csproj", "{DBCBF45B-F63E-4EBC-954B-178C2654F1DF}"
EndProject
Project("{FAE04EC0-301F-11D3-BF4B-00C04F79EFBC}") = "Przykład 2.10", "Przykład 2.10\Przykład 2.10.csproj", "{D684C7BA-CC3B-45D4-9378-AF201F9C3F07}"
EndProject
Project("{FAE04EC0-301F-11D3-BF4B-00C04F79EFBC}") = "Przykład 2.11", "Przykład 2.11\Przykład 2.11.csproj", "{7F2400FF-E1DD-412D-8C6C-0827C0763AED}"
EndProject
Project("{FAE04EC0-301F-11D3-BF4B-00C04F79EFBC}") = "Przykład 2.12", "Przykład 2.12\Przykład 2.12.csproj", "{4004ADBD-697E-43FE-A50B-3D006C0FBDD6}"
EndProject
Project("{FAE04EC0-301F-11D3-BF4B-00C04F79EFBC}") = "Przykład 2.13", "Przykład 2.13\Przykład 2.13.csproj", "{9A9693B4-35B6-44A2-8B6E-8B6F54E9DAD8}"
EndProject
Project("{FAE04EC0-301F-11D3-BF4B-00C04F79EFBC}") = "Przykład 2.14", "Przykład 2.14\Przykład 2.14.csproj", "{26E0B0D5-0DE3-4319-A62A-A5BEB2A758DD}"
EndProject
Project("{FAE04EC0-301F-11D3-BF4B-00C04F79EFBC}") = "Przykład 2.15", "Przykład 2.15\Przykład 2.15.csproj", "{644E3911-F540-4018-962F-F0191E795369}"
EndProject
Project("{FAE04EC0-301F-11D3-BF4B-00C04F79EFBC}") = "Przykład 2.16", "Przykład 2.16\Przykład 2.16.csproj", "{F42CCD43-DE90-461A-B475-A25899153660}"
EndProject
Project("{FAE04EC0-301F-11D3-BF4B-00C04F79EFBC}") = "Przykład 2.17", "Przykład 2.17\Przykład 2.17.csproj", "{5221E297-6356-4045-8167-2B71CC56019D}"
EndProject
Project("{FAE04EC0-301F-11D3-BF4B-00C04F79EFBC}") = "Przykład 2.18", "Przykład 2.18\Przykład 2.18.csproj", "{59124959-13B9-4DF7-8C34-46CE58DEFAEB}"
EndProject
Project("{FAE04EC0-301F-11D3-BF4B-00C04F79EFBC}") = "Przykład 2.19", "Przykład 2.19\Przykład 2.19.csproj", "{47C5597D-135B-4B4C-98E3-3FCDF6B01975}"
EndProject
Project("{2150E333-8FDC-42A3-9474-1A3956D46DE8}") = "Przykłady 2", "Przykłady 2", "{BD6698C5-0B12-4707-85A6-7224D246248C}"
EndProject
Project("{2150E333-8FDC-42A3-9474-1A3956D46DE8}") = "Zadania 2", "Zadania 2", "{C5852559-7118-4A2E-9AC6-5CBD39D1850C}"
EndProject
Project("{FAE04EC0-301F-11D3-BF4B-00C04F79EFBC}") = "Zadanie 2.1", "Zadanie 2.1\Zadanie 2.1.csproj", "{45B22ADA-3245-40E8-AF0D-83C2E05E1772}"
EndProject
Project("{FAE04EC0-301F-11D3-BF4B-00C04F79EFBC}") = "Zadanie 2.2", "Zadanie 2.2\Zadanie 2.2.csproj", "{B8532494-9319-4DAA-8E71-A2B599FCDBCD}"
EndProject
Project("{FAE04EC0-301F-11D3-BF4B-00C04F79EFBC}") = "Zadanie 2.3", "Zadanie 2.3\Zadanie 2.3.csproj", "{253D9DEB-4EEC-4384-B699-CF49EFE3457C}"
EndProject
Project("{FAE04EC0-301F-11D3-BF4B-00C04F79EFBC}") = "Zadanie 2.4", "Zadanie 2.4\Zadanie 2.4.csproj", "{6DD7CC2D-8086-4375-BD3D-8AE2FE17C2E7}"
EndProject
Project("{FAE04EC0-301F-11D3-BF4B-00C04F79EFBC}") = "Zadanie 2.5", "Zadanie 2.5\Zadanie 2.5.csproj", "{939DC72B-BADC-477C-A562-43402B9C8BC8}"
EndProject
Project("{FAE04EC0-301F-11D3-BF4B-00C04F79EFBC}") = "Zadanie 2.6", "Zadanie 2.6\Zadanie 2.6.csproj", "{73D2DA10-420E-4119-8E33-5AA7C09D5CD4}"
EndProject
Project("{FAE04EC0-301F-11D3-BF4B-00C04F79EFBC}") = "Zadanie 2.7", "Zadanie 2.7\Zadanie 2.7.csproj", "{CC40D1A2-A231-445F-9D64-1CD538614F88}"
EndProject
Project("{FAE04EC0-301F-11D3-BF4B-00C04F79EFBC}") = "Zadanie 2.8", "Zadanie 2.8\Zadanie 2.8.csproj", "{68D623E4-F46E-47FC-B1A9-F5413C7C8586}"
EndProject
Project("{FAE04EC0-301F-11D3-BF4B-00C04F79EFBC}") = "Zadanie 2.9", "Zadanie 2.9\Zadanie 2.9.csproj", "{74988052-7758-4DBE-BC4B-A0A8C5340F3A}"
EndProject
Project("{FAE04EC0-301F-11D3-BF4B-00C04F79EFBC}") = "Zadanie 2.10", "Zadanie 2.10\Zadanie 2.10.csproj", "{A698F713-3383-4A16-BD88-19E21A555034}"
EndProject
Project("{2150E333-8FDC-42A3-9474-1A3956D46DE8}") = "Przykłady 3", "Przykłady 3", "{37737DC2-AD18-4FD9-9A5D-6FF6A4A48BD0}"
EndProject
Project("{FAE04EC0-301F-11D3-BF4B-00C04F79EFBC}") = "Przykład 3.1", "Przykład 3.1\Przykład 3.1.csproj", "{73C6F6AD-A913-4913-8897-696857365D77}"
EndProject
Project("{FAE04EC0-301F-11D3-BF4B-00C04F79EFBC}") = "Przykład 3.2", "Przykład 3.2\Przykład 3.2.csproj", "{B3DA8882-9BF4-4E84-B8B3-6811D706BE46}"
EndProject
Project("{FAE04EC0-301F-11D3-BF4B-00C04F79EFBC}") = "Przykład 3.3", "Przykład 3.3\Przykład 3.3.csproj", "{4F8FAA29-E204-4A7F-979A-5066648ABC72}"
EndProject
Project("{FAE04EC0-301F-11D3-BF4B-00C04F79EFBC}") = "Przykład 3.4", "Przykład 3.4\Przykład 3.4.csproj", "{9F9B16BC-CED0-49B4-9AE3-F094F9ECF686}"
EndProject
Project("{FAE04EC0-301F-11D3-BF4B-00C04F79EFBC}") = "Przykład 3.5", "Przykład 3.5\Przykład 3.5.csproj", "{BCA45654-AE89-4AAE-9AFC-C6CCF081A1EE}"
EndProject
Project("{FAE04EC0-301F-11D3-BF4B-00C04F79EFBC}") = "Przykład 3.6", "Przykład 3.6\Przykład 3.6.csproj", "{6EAD9DB4-B311-45ED-8E19-3512AB063CC3}"
EndProject
Project("{FAE04EC0-301F-11D3-BF4B-00C04F79EFBC}") = "Przykład 3.7", "Przykład 3.7\Przykład 3.7.csproj", "{5BABF386-80D5-4FC8-B6B0-6137F048A2C9}"
EndProject
Project("{FAE04EC0-301F-11D3-BF4B-00C04F79EFBC}") = "Przykład 3.8", "Przykład 3.8\Przykład 3.8.csproj", "{799610E5-D2F1-4EED-8000-E50176117440}"
EndProject
Project("{FAE04EC0-301F-11D3-BF4B-00C04F79EFBC}") = "Przykład 3.9", "Przykład 3.9\Przykład 3.9.csproj", "{796BD48F-2717-41A4-9AB6-46448A316C5A}"
EndProject
Project("{FAE04EC0-301F-11D3-BF4B-00C04F79EFBC}") = "Przykład 3.10", "Przykład 3.10\Przykład 3.10.csproj", "{F2D936EE-192E-43A4-B3EA-E56403870A6D}"
EndProject
Project("{FAE04EC0-301F-11D3-BF4B-00C04F79EFBC}") = "Przykład 3.11", "Przykład 3.11\Przykład 3.11.csproj", "{858AD133-14D5-4897-9111-4D63CCD57DCD}"
EndProject
Project("{FAE04EC0-301F-11D3-BF4B-00C04F79EFBC}") = "Przykład 3.12", "Przykład 3.12\Przykład 3.12.csproj", "{3E860AE1-6E12-4EB2-B7CF-34576DD03B50}"
EndProject
Project("{FAE04EC0-301F-11D3-BF4B-00C04F79EFBC}") = "Przykład 3.13", "Przykład 3.13\Przykład 3.13.csproj", "{EC84E21E-0197-4769-9E4A-86300C57CDBD}"
EndProject
Project("{FAE04EC0-301F-11D3-BF4B-00C04F79EFBC}") = "Przykład 3.17", "Przykład 3.17\Przykład 3.17.csproj", "{55F3E7C8-EC2D-4B15-AC73-41AE8A5AB916}"
EndProject
Project("{FAE04EC0-301F-11D3-BF4B-00C04F79EFBC}") = "Przykład 3.20", "Przykład 3.20\Przykład 3.20.csproj", "{4F07F0BD-464A-47AE-B2B6-5BBC971333E7}"
EndProject
Project("{FAE04EC0-301F-11D3-BF4B-00C04F79EFBC}") = "Przykład 3.21", "Przykład 3.21\Przykład 3.21.csproj", "{124456D6-19ED-40BC-A501-D0DE89A2114E}"
EndProject
Project("{FAE04EC0-301F-11D3-BF4B-00C04F79EFBC}") = "Przykład 3.22", "Przykład 3.22\Przykład 3.22.csproj", "{9FB277AC-7920-4CD4-91A2-816C8D87675D}"
EndProject
Project("{FAE04EC0-301F-11D3-BF4B-00C04F79EFBC}") = "Przykład 3.23", "Przykład 3.23\Przykład 3.23.csproj", "{929AF2A5-7DDC-421F-A5B3-A3256185FE11}"
EndProject
Project("{FAE04EC0-301F-11D3-BF4B-00C04F79EFBC}") = "Przykład 3.24", "Przykład 3.24\Przykład 3.24.csproj", "{9B239417-0606-4454-BDA7-2F44938363CF}"
EndProject
Project("{FAE04EC0-301F-11D3-BF4B-00C04F79EFBC}") = "Przykład 3.25", "Przykład 3.25\Przykład 3.25.csproj", "{A213CECA-8FAC-40BB-98EF-43577FB606CB}"
EndProject
Project("{FAE04EC0-301F-11D3-BF4B-00C04F79EFBC}") = "Przykład 3.26", "Przykład 3.26\Przykład 3.26.csproj", "{865DCE4C-C5A5-4DBF-8E0A-1BBED08B0E0D}"
EndProject
Project("{2150E333-8FDC-42A3-9474-1A3956D46DE8}") = "Zadania 3", "Zadania 3", "{16FA51CC-2016-491E-A055-641E1417A120}"
EndProject
Project("{FAE04EC0-301F-11D3-BF4B-00C04F79EFBC}") = "Zadanie 3.a", "Zadanie 3.a\Zadanie 3.a.csproj", "{BD91EA78-1E5F-46B1-B9B9-D18A7922346F}"
EndProject
Project("{FAE04EC0-301F-11D3-BF4B-00C04F79EFBC}") = "Zadanie 3.b", "Zadanie 3.b\Zadanie 3.b.csproj", "{5B81AF76-F430-449C-B6FE-3BD9978A7DBB}"
EndProject
Project("{FAE04EC0-301F-11D3-BF4B-00C04F79EFBC}") = "Zadanie 3.c", "Zadanie 3.c\Zadanie 3.c.csproj", "{6A529026-CE7F-4522-814C-67384D223783}"
EndProject
Project("{FAE04EC0-301F-11D3-BF4B-00C04F79EFBC}") = "Zadanie 3.d", "Zadanie 3.d\Zadanie 3.d.csproj", "{CE5C63EB-E3E1-413F-9196-D44D2D098958}"
EndProject
Project("{FAE04EC0-301F-11D3-BF4B-00C04F79EFBC}") = "Zadanie 3.d.1", "Zadanie 3.d.1\Zadanie 3.d.1.csproj", "{CA530885-2231-49C9-A6D9-4B2309E3E256}"
EndProject
Project("{FAE04EC0-301F-11D3-BF4B-00C04F79EFBC}") = "Zadanie 3.1", "Zadanie 3.1\Zadanie 3.1.csproj", "{C5B07A00-7B9C-49B2-AA5C-2C25DF5482BF}"
EndProject
Project("{FAE04EC0-301F-11D3-BF4B-00C04F79EFBC}") = "Zadanie 3.2", "Zadanie 3.2\Zadanie 3.2.csproj", "{1C97DFB1-A777-480E-97E8-7DB86FBB91C9}"
EndProject
Project("{FAE04EC0-301F-11D3-BF4B-00C04F79EFBC}") = "Zadanie 3.3", "Zadanie 3.3\Zadanie 3.3.csproj", "{FF99D46D-4EE3-4ECA-AA13-70C018D30489}"
EndProject
Project("{FAE04EC0-301F-11D3-BF4B-00C04F79EFBC}") = "Zadanie 3.4", "Zadanie 3.4\Zadanie 3.4.csproj", "{DA396BC7-BEA4-416C-92A7-EFDCDF2375FE}"
EndProject
Project("{FAE04EC0-301F-11D3-BF4B-00C04F79EFBC}") = "Zadanie 3.5", "Zadanie 3.5\Zadanie 3.5.csproj", "{343D09F2-AE61-40B7-94F0-5851B61AB5A1}"
EndProject
Project("{2150E333-8FDC-42A3-9474-1A3956D46DE8}") = "Przykład 4.1", "Przykład 4.1", "{B8CBF1BC-9EBF-4F89-A9F3-7D8C434241E6}"
EndProject
Project("{FAE04EC0-301F-11D3-BF4B-00C04F79EFBC}") = "Przykład 4.1", "Przykład 4.1\Przykład 4.1.csproj", "{FA691C70-9D13-4485-BF1E-21FC9899DF22}"
EndProject
Project("{FAE04EC0-301F-11D3-BF4B-00C04F79EFBC}") = "Przykład 4.2", "Przykład 4.2\Przykład 4.2.csproj", "{50D79628-3FF6-4F7B-94B2-EF852E7CE135}"
EndProject
Project("{FAE04EC0-301F-11D3-BF4B-00C04F79EFBC}") = "Przykład 4.3", "Przykład 4.3\Przykład 4.3.csproj", "{28F8DF40-36DD-4EC0-A412-07DD47A32289}"
EndProject
Project("{FAE04EC0-301F-11D3-BF4B-00C04F79EFBC}") = "Przykład 4.4", "Przykład 4.4\Przykład 4.4.csproj", "{4582C0DA-D9B7-497A-B791-C9D4B03FC469}"
EndProject
Project("{FAE04EC0-301F-11D3-BF4B-00C04F79EFBC}") = "Przykład 4.5", "Przykład 4.5\Przykład 4.5.csproj", "{A1B31BAF-9070-42DC-8BB7-9CEF1C55CE89}"
EndProject
Project("{FAE04EC0-301F-11D3-BF4B-00C04F79EFBC}") = "Przykład 4.6", "Przykład 4.6\Przykład 4.6.csproj", "{C287DDFD-A3C6-4D5E-9259-45439281B4DF}"
EndProject
Project("{FAE04EC0-301F-11D3-BF4B-00C04F79EFBC}") = "Przykład 4.7", "Przykład 4.7\Przykład 4.7.csproj", "{617C771B-FAF2-4B30-A9D5-D97025CCEB25}"
EndProject
Project("{FAE04EC0-301F-11D3-BF4B-00C04F79EFBC}") = "Przykład 4.8", "Przykład 4.8\Przykład 4.8.csproj", "{D12DD82A-524A-4E48-AF88-7CA32FE61F0C}"
EndProject
Project("{FAE04EC0-301F-11D3-BF4B-00C04F79EFBC}") = "Przykład 4.9", "Przykład 4.9\Przykład 4.9.csproj", "{291446B2-6CCE-407A-96EA-931398299B45}"
EndProject
Project("{FAE04EC0-301F-11D3-BF4B-00C04F79EFBC}") = "Przykład 4.10", "Przykład 4.10\Przykład 4.10.csproj", "{00E64164-0175-4148-9BD8-1AC3528D1169}"
EndProject
Project("{FAE04EC0-301F-11D3-BF4B-00C04F79EFBC}") = "Przykład 4.11", "Przykład 4.11\Przykład 4.11.csproj", "{2769E886-F72E-498C-85D2-7870BF048E0F}"
EndProject
Project("{FAE04EC0-301F-11D3-BF4B-00C04F79EFBC}") = "Przykład 4.12", "Przykład 4.12\Przykład 4.12.csproj", "{18F96080-55F3-425E-9CC8-E70D3F995FFB}"
EndProject
Project("{FAE04EC0-301F-11D3-BF4B-00C04F79EFBC}") = "Przykład 4.13", "Przykład 4.13\Przykład 4.13.csproj", "{44C94A4D-D40A-463E-BB93-6187589AEC70}"
EndProject
Project("{FAE04EC0-301F-11D3-BF4B-00C04F79EFBC}") = "Przykład 4.14", "Przykład 4.14\Przykład 4.14.csproj", "{85304DE2-1012-4A59-9EFB-9F52B3C1C4A3}"
EndProject
Project("{FAE04EC0-301F-11D3-BF4B-00C04F79EFBC}") = "Przykład 4.15", "Przykład 4.15\Przykład 4.15.csproj", "{D8244AAD-75C7-49AA-8DC8-FF9FCEB8E04A}"
EndProject
Project("{FAE04EC0-301F-11D3-BF4B-00C04F79EFBC}") = "Przykład 4.16", "Przykład 4.16\Przykład 4.16.csproj", "{A78FAA13-F363-4F79-A746-C0FF3933A1AF}"
EndProject
Project("{FAE04EC0-301F-11D3-BF4B-00C04F79EFBC}") = "Przykład 4.17", "Przykład 4.17\Przykład 4.17.csproj", "{D10BFD71-6E13-41B9-83CF-FE8D1A5086E1}"
EndProject
Project("{FAE04EC0-301F-11D3-BF4B-00C04F79EFBC}") = "Przykład 4.18", "Przykład 4.18\Przykład 4.18.csproj", "{7E08B14D-4FDA-4216-BC50-B7975D0CD5BF}"
EndProject
Project("{FAE04EC0-301F-11D3-BF4B-00C04F79EFBC}") = "Przykład 4.19", "Przykład 4.19\Przykład 4.19.csproj", "{7D383A55-20A0-401C-ACF8-FF14B34631BB}"
EndProject
Project("{FAE04EC0-301F-11D3-BF4B-00C04F79EFBC}") = "Przykład 4.20", "Przykład 4.20\Przykład 4.20.csproj", "{BF1EDDBB-6C7F-4AE8-9EA1-669FFF6EC6A9}"
EndProject
Project("{FAE04EC0-301F-11D3-BF4B-00C04F79EFBC}") = "Przykład 4.21", "Przykład 4.21\Przykład 4.21.csproj", "{6C36AD95-BD64-4F13-A94E-4D076893037A}"
EndProject
Project("{FAE04EC0-301F-11D3-BF4B-00C04F79EFBC}") = "Przykład 4.22", "Przykład 4.22\Przykład 4.22.csproj", "{39E1EDD7-8EEE-470F-9672-5B99D78843F4}"
EndProject
Project("{FAE04EC0-301F-11D3-BF4B-00C04F79EFBC}") = "Przykład 4.22a", "Przykład 4.22a\Przykład 4.22a.csproj", "{B2478BDC-4FAD-4CBC-A7C8-382D90AA5D97}"
EndProject
Project("{FAE04EC0-301F-11D3-BF4B-00C04F79EFBC}") = "Przykład 4.23", "Przykład 4.23\Przykład 4.23.csproj", "{39CC7A1B-51F9-4404-B2BF-1FD8AA529498}"
EndProject
Project("{FAE04EC0-301F-11D3-BF4B-00C04F79EFBC}") = "Przykład 4.24", "Przykład 4.24\Przykład 4.24.csproj", "{8DAEA461-8783-4702-AE13-104BB9BDE38F}"
EndProject
Project("{FAE04EC0-301F-11D3-BF4B-00C04F79EFBC}") = "Przykład 4.25", "Przykład 4.25\Przykład 4.25.csproj", "{C9D0C176-6119-45A2-A096-97342F081368}"
EndProject
Project("{FAE04EC0-301F-11D3-BF4B-00C04F79EFBC}") = "Przykład 4.26", "Przykład 4.26\Przykład 4.26.csproj", "{095D4198-C6A4-4224-97BC-19399CFCD7AD}"
EndProject
Project("{FAE04EC0-301F-11D3-BF4B-00C04F79EFBC}") = "Przykład 4.27", "Przykład 4.27\Przykład 4.27.csproj", "{7FFD8C0F-BB94-4795-8FB4-264C3C7E3488}"
EndProject
Project("{FAE04EC0-301F-11D3-BF4B-00C04F79EFBC}") = "Przykład 4.28", "Przykład 4.28\Przykład 4.28.csproj", "{C123AD15-902A-4CCC-9838-87BF819E2B4D}"
EndProject
Project("{FAE04EC0-301F-11D3-BF4B-00C04F79EFBC}") = "Przykład 4.29", "Przykład 4.29\Przykład 4.29.csproj", "{B84D82E0-5715-4E2F-8101-44B9CF716F99}"
EndProject
Project("{FAE04EC0-301F-11D3-BF4B-00C04F79EFBC}") = "Przykład 4.30", "Przykład 4.30\Przykład 4.30.csproj", "{57F280CC-1355-4D4A-8CC9-1AAC82AD2679}"
EndProject
Project("{FAE04EC0-301F-11D3-BF4B-00C04F79EFBC}") = "Przykład 4.31", "Przykład 4.31\Przykład 4.31.csproj", "{39550A43-CDA5-493B-B077-F23AD47840B0}"
EndProject
Project("{FAE04EC0-301F-11D3-BF4B-00C04F79EFBC}") = "Przykład 4.32", "Przykład 4.32\Przykład 4.32.csproj", "{56D2CD44-C20D-446F-BE4F-240EC4E615AE}"
EndProject
Project("{FAE04EC0-301F-11D3-BF4B-00C04F79EFBC}") = "Przykład 4.33", "Przykład 4.33\Przykład 4.33.csproj", "{DE9B1680-6C40-403B-B773-D0A0C0BA17C9}"
EndProject
Project("{FAE04EC0-301F-11D3-BF4B-00C04F79EFBC}") = "Przykład 4.34", "Przykład 4.34\Przykład 4.34.csproj", "{9714E40A-175E-441D-8591-1DF7B316B3C3}"
EndProject
Project("{FAE04EC0-301F-11D3-BF4B-00C04F79EFBC}") = "Przykład 4.35", "Przykład 4.35\Przykład 4.35.csproj", "{B2F8BCD4-17F3-4284-91A1-99402B958E8B}"
EndProject
Project("{FAE04EC0-301F-11D3-BF4B-00C04F79EFBC}") = "Przykład 4.36", "Przykład 4.36\Przykład 4.36.csproj", "{DF8A58A4-D737-4ECE-8C27-D40444D0E9A6}"
EndProject
Project("{2150E333-8FDC-42A3-9474-1A3956D46DE8}") = "Zadania 4", "Zadania 4", "{9C694244-6E49-4CD9-81A5-03FD3A7F5F20}"
EndProject
Project("{FAE04EC0-301F-11D3-BF4B-00C04F79EFBC}") = "Zadanie 4.1", "Zadanie 4.1\Zadanie 4.1.csproj", "{F4888738-B67C-4ACF-9190-5F074FD146D5}"
EndProject
Project("{FAE04EC0-301F-11D3-BF4B-00C04F79EFBC}") = "Zadanie 4.2", "Zadanie 4.2\Zadanie 4.2.csproj", "{6A165998-EB1C-43DB-8995-A79CD7FE7761}"
EndProject
Project("{FAE04EC0-301F-11D3-BF4B-00C04F79EFBC}") = "Zadanie 4.3", "Zadanie 4.3\Zadanie 4.3.csproj", "{88CD6ADD-4F52-4B1A-8581-CC7628B34E49}"
EndProject
Project("{FAE04EC0-301F-11D3-BF4B-00C04F79EFBC}") = "Zadanie 4.4", "Zadanie 4.4\Zadanie 4.4.csproj", "{3BA8FA9D-78B0-49A3-9DB5-B117729FFBCC}"
EndProject
Project("{FAE04EC0-301F-11D3-BF4B-00C04F79EFBC}") = "Zadanie 4.5", "Zadanie 4.5\Zadanie 4.5.csproj", "{D7F8D127-50B4-4843-A930-CC74C7423B07}"
EndProject
Project("{FAE04EC0-301F-11D3-BF4B-00C04F79EFBC}") = "Zadanie 4.6", "Zadanie 4.6\Zadanie 4.6.csproj", "{0668CD37-8BF2-41D8-9D02-01F59BB3562D}"
EndProject
Project("{FAE04EC0-301F-11D3-BF4B-00C04F79EFBC}") = "Zadanie 4.6a", "Zadanie 4.6a\Zadanie 4.6a.csproj", "{09235D04-D639-4B8E-B1FF-07F7FA5F9C83}"
EndProject
Project("{FAE04EC0-301F-11D3-BF4B-00C04F79EFBC}") = "Zadanie 4.7", "Zadanie 4.7\Zadanie 4.7.csproj", "{0AC7F286-1A88-4BCA-9FD4-7D00B7499DA7}"
EndProject
Project("{FAE04EC0-301F-11D3-BF4B-00C04F79EFBC}") = "Zadanie 4.8", "Zadanie 4.8\Zadanie 4.8.csproj", "{01123A3D-9D62-4729-9261-E1CFDF3F1D0F}"
EndProject
Project("{FAE04EC0-301F-11D3-BF4B-00C04F79EFBC}") = "Zadanie 4.9", "Zadanie 4.9\Zadanie 4.9.csproj", "{C151D926-722D-4B68-83C7-7D361B91F56E}"
EndProject
Project("{FAE04EC0-301F-11D3-BF4B-00C04F79EFBC}") = "Zadanie 4.10", "Zadanie 4.10\Zadanie 4.10.csproj", "{62344F7D-F543-49F0-A0AC-FD28ADC3A7B6}"
EndProject
Project("{FAE04EC0-301F-11D3-BF4B-00C04F79EFBC}") = "Zadanie 4.11", "Zadanie 4.11\Zadanie 4.11.csproj", "{38066306-079C-49A8-8CBF-154F6EF36379}"
EndProject
Project("{FAE04EC0-301F-11D3-BF4B-00C04F79EFBC}") = "Zadanie 4.12", "Zadanie 4.12\Zadanie 4.12.csproj", "{615B6505-DFE3-485C-B036-380454C3DE37}"
EndProject
Project("{FAE04EC0-301F-11D3-BF4B-00C04F79EFBC}") = "Zadanie 4.13", "Zadanie 4.13\Zadanie 4.13.csproj", "{47B29C06-DAC6-4823-9DAF-0DB369C52287}"
EndProject
Project("{FAE04EC0-301F-11D3-BF4B-00C04F79EFBC}") = "Zadanie 4.14", "Zadanie 4.14\Zadanie 4.14.csproj", "{ACF7A13D-8FAB-4471-8672-EF9376AB9491}"
EndProject
Project("{2150E333-8FDC-42A3-9474-1A3956D46DE8}") = "Przykład 5 - Metody", "Przykład 5 - Metody", "{3A2D98D5-80BD-4017-993D-7AF0FBF74255}"
EndProject
Project("{FAE04EC0-301F-11D3-BF4B-00C04F79EFBC}") = "Przykład 5.1", "Przykład 5.1\Przykład 5.1.csproj", "{55FC74FA-D5DC-499D-A416-1D87D35DA998}"
EndProject
Project("{FAE04EC0-301F-11D3-BF4B-00C04F79EFBC}") = "Przykład 5.2", "Przykład 5.2\Przykład 5.2.csproj", "{326951C9-940B-406D-8F65-97F5DF862158}"
EndProject
Project("{FAE04EC0-301F-11D3-BF4B-00C04F79EFBC}") = "Przykład 5.3", "Przykład 5.3\Przykład 5.3.csproj", "{BA7D419B-6BCA-4566-AD1A-82F4542B3B4E}"
EndProject
Project("{FAE04EC0-301F-11D3-BF4B-00C04F79EFBC}") = "Przykład 5.4", "Przykład 5.4\Przykład 5.4.csproj", "{BD8292BF-A3AB-4903-94D6-1AF251763601}"
EndProject
Project("{FAE04EC0-301F-11D3-BF4B-00C04F79EFBC}") = "Przykład 5.5", "Przykład 5.5\Przykład 5.5.csproj", "{C3CA309C-2FBF-4EB6-B5A6-86CA68C108AB}"
EndProject
Project("{FAE04EC0-301F-11D3-BF4B-00C04F79EFBC}") = "Przykład 5.6", "Przykład 5.6\Przykład 5.6.csproj", "{1D37423C-568E-4149-923A-75B8F189F57D}"
EndProject
Global
	GlobalSection(SolutionConfigurationPlatforms) = preSolution
		Debug|Any CPU = Debug|Any CPU
		Release|Any CPU = Release|Any CPU
	EndGlobalSection
	GlobalSection(ProjectConfigurationPlatforms) = postSolution
		{5D5FC88D-0C8D-49F1-8A99-189178BA36EA}.Debug|Any CPU.ActiveCfg = Debug|Any CPU
		{5D5FC88D-0C8D-49F1-8A99-189178BA36EA}.Debug|Any CPU.Build.0 = Debug|Any CPU
		{5D5FC88D-0C8D-49F1-8A99-189178BA36EA}.Release|Any CPU.ActiveCfg = Release|Any CPU
		{5D5FC88D-0C8D-49F1-8A99-189178BA36EA}.Release|Any CPU.Build.0 = Release|Any CPU
		{77B73C36-3CBF-4C72-A93B-09DEC4830F80}.Debug|Any CPU.ActiveCfg = Debug|Any CPU
		{77B73C36-3CBF-4C72-A93B-09DEC4830F80}.Debug|Any CPU.Build.0 = Debug|Any CPU
		{77B73C36-3CBF-4C72-A93B-09DEC4830F80}.Release|Any CPU.ActiveCfg = Release|Any CPU
		{77B73C36-3CBF-4C72-A93B-09DEC4830F80}.Release|Any CPU.Build.0 = Release|Any CPU
		{D0164800-55A0-4776-9A7B-A7FE70A5D2FB}.Debug|Any CPU.ActiveCfg = Debug|Any CPU
		{D0164800-55A0-4776-9A7B-A7FE70A5D2FB}.Debug|Any CPU.Build.0 = Debug|Any CPU
		{D0164800-55A0-4776-9A7B-A7FE70A5D2FB}.Release|Any CPU.ActiveCfg = Release|Any CPU
		{D0164800-55A0-4776-9A7B-A7FE70A5D2FB}.Release|Any CPU.Build.0 = Release|Any CPU
		{D1E0C6AF-106E-44DC-A1A8-6862B50D11E2}.Debug|Any CPU.ActiveCfg = Debug|Any CPU
		{D1E0C6AF-106E-44DC-A1A8-6862B50D11E2}.Debug|Any CPU.Build.0 = Debug|Any CPU
		{D1E0C6AF-106E-44DC-A1A8-6862B50D11E2}.Release|Any CPU.ActiveCfg = Release|Any CPU
		{D1E0C6AF-106E-44DC-A1A8-6862B50D11E2}.Release|Any CPU.Build.0 = Release|Any CPU
		{23BFA2E0-8132-4B4C-8C25-45696FCB14D3}.Debug|Any CPU.ActiveCfg = Debug|Any CPU
		{23BFA2E0-8132-4B4C-8C25-45696FCB14D3}.Debug|Any CPU.Build.0 = Debug|Any CPU
		{23BFA2E0-8132-4B4C-8C25-45696FCB14D3}.Release|Any CPU.ActiveCfg = Release|Any CPU
		{23BFA2E0-8132-4B4C-8C25-45696FCB14D3}.Release|Any CPU.Build.0 = Release|Any CPU
		{0C85F165-9EAF-4975-9A87-E61C736B9E4E}.Debug|Any CPU.ActiveCfg = Debug|Any CPU
		{0C85F165-9EAF-4975-9A87-E61C736B9E4E}.Debug|Any CPU.Build.0 = Debug|Any CPU
		{0C85F165-9EAF-4975-9A87-E61C736B9E4E}.Release|Any CPU.ActiveCfg = Release|Any CPU
		{0C85F165-9EAF-4975-9A87-E61C736B9E4E}.Release|Any CPU.Build.0 = Release|Any CPU
		{DBCBF45B-F63E-4EBC-954B-178C2654F1DF}.Debug|Any CPU.ActiveCfg = Debug|Any CPU
		{DBCBF45B-F63E-4EBC-954B-178C2654F1DF}.Debug|Any CPU.Build.0 = Debug|Any CPU
		{DBCBF45B-F63E-4EBC-954B-178C2654F1DF}.Release|Any CPU.ActiveCfg = Release|Any CPU
		{DBCBF45B-F63E-4EBC-954B-178C2654F1DF}.Release|Any CPU.Build.0 = Release|Any CPU
		{D684C7BA-CC3B-45D4-9378-AF201F9C3F07}.Debug|Any CPU.ActiveCfg = Debug|Any CPU
		{D684C7BA-CC3B-45D4-9378-AF201F9C3F07}.Debug|Any CPU.Build.0 = Debug|Any CPU
		{D684C7BA-CC3B-45D4-9378-AF201F9C3F07}.Release|Any CPU.ActiveCfg = Release|Any CPU
		{D684C7BA-CC3B-45D4-9378-AF201F9C3F07}.Release|Any CPU.Build.0 = Release|Any CPU
		{7F2400FF-E1DD-412D-8C6C-0827C0763AED}.Debug|Any CPU.ActiveCfg = Debug|Any CPU
		{7F2400FF-E1DD-412D-8C6C-0827C0763AED}.Debug|Any CPU.Build.0 = Debug|Any CPU
		{7F2400FF-E1DD-412D-8C6C-0827C0763AED}.Release|Any CPU.ActiveCfg = Release|Any CPU
		{7F2400FF-E1DD-412D-8C6C-0827C0763AED}.Release|Any CPU.Build.0 = Release|Any CPU
		{4004ADBD-697E-43FE-A50B-3D006C0FBDD6}.Debug|Any CPU.ActiveCfg = Debug|Any CPU
		{4004ADBD-697E-43FE-A50B-3D006C0FBDD6}.Debug|Any CPU.Build.0 = Debug|Any CPU
		{4004ADBD-697E-43FE-A50B-3D006C0FBDD6}.Release|Any CPU.ActiveCfg = Release|Any CPU
		{4004ADBD-697E-43FE-A50B-3D006C0FBDD6}.Release|Any CPU.Build.0 = Release|Any CPU
		{9A9693B4-35B6-44A2-8B6E-8B6F54E9DAD8}.Debug|Any CPU.ActiveCfg = Debug|Any CPU
		{9A9693B4-35B6-44A2-8B6E-8B6F54E9DAD8}.Debug|Any CPU.Build.0 = Debug|Any CPU
		{9A9693B4-35B6-44A2-8B6E-8B6F54E9DAD8}.Release|Any CPU.ActiveCfg = Release|Any CPU
		{9A9693B4-35B6-44A2-8B6E-8B6F54E9DAD8}.Release|Any CPU.Build.0 = Release|Any CPU
		{26E0B0D5-0DE3-4319-A62A-A5BEB2A758DD}.Debug|Any CPU.ActiveCfg = Debug|Any CPU
		{26E0B0D5-0DE3-4319-A62A-A5BEB2A758DD}.Debug|Any CPU.Build.0 = Debug|Any CPU
		{26E0B0D5-0DE3-4319-A62A-A5BEB2A758DD}.Release|Any CPU.ActiveCfg = Release|Any CPU
		{26E0B0D5-0DE3-4319-A62A-A5BEB2A758DD}.Release|Any CPU.Build.0 = Release|Any CPU
		{644E3911-F540-4018-962F-F0191E795369}.Debug|Any CPU.ActiveCfg = Debug|Any CPU
		{644E3911-F540-4018-962F-F0191E795369}.Debug|Any CPU.Build.0 = Debug|Any CPU
		{644E3911-F540-4018-962F-F0191E795369}.Release|Any CPU.ActiveCfg = Release|Any CPU
		{644E3911-F540-4018-962F-F0191E795369}.Release|Any CPU.Build.0 = Release|Any CPU
		{F42CCD43-DE90-461A-B475-A25899153660}.Debug|Any CPU.ActiveCfg = Debug|Any CPU
		{F42CCD43-DE90-461A-B475-A25899153660}.Debug|Any CPU.Build.0 = Debug|Any CPU
		{F42CCD43-DE90-461A-B475-A25899153660}.Release|Any CPU.ActiveCfg = Release|Any CPU
		{F42CCD43-DE90-461A-B475-A25899153660}.Release|Any CPU.Build.0 = Release|Any CPU
		{5221E297-6356-4045-8167-2B71CC56019D}.Debug|Any CPU.ActiveCfg = Debug|Any CPU
		{5221E297-6356-4045-8167-2B71CC56019D}.Debug|Any CPU.Build.0 = Debug|Any CPU
		{5221E297-6356-4045-8167-2B71CC56019D}.Release|Any CPU.ActiveCfg = Release|Any CPU
		{5221E297-6356-4045-8167-2B71CC56019D}.Release|Any CPU.Build.0 = Release|Any CPU
		{59124959-13B9-4DF7-8C34-46CE58DEFAEB}.Debug|Any CPU.ActiveCfg = Debug|Any CPU
		{59124959-13B9-4DF7-8C34-46CE58DEFAEB}.Debug|Any CPU.Build.0 = Debug|Any CPU
		{59124959-13B9-4DF7-8C34-46CE58DEFAEB}.Release|Any CPU.ActiveCfg = Release|Any CPU
		{59124959-13B9-4DF7-8C34-46CE58DEFAEB}.Release|Any CPU.Build.0 = Release|Any CPU
		{47C5597D-135B-4B4C-98E3-3FCDF6B01975}.Debug|Any CPU.ActiveCfg = Debug|Any CPU
		{47C5597D-135B-4B4C-98E3-3FCDF6B01975}.Debug|Any CPU.Build.0 = Debug|Any CPU
		{47C5597D-135B-4B4C-98E3-3FCDF6B01975}.Release|Any CPU.ActiveCfg = Release|Any CPU
		{47C5597D-135B-4B4C-98E3-3FCDF6B01975}.Release|Any CPU.Build.0 = Release|Any CPU
		{45B22ADA-3245-40E8-AF0D-83C2E05E1772}.Debug|Any CPU.ActiveCfg = Debug|Any CPU
		{45B22ADA-3245-40E8-AF0D-83C2E05E1772}.Debug|Any CPU.Build.0 = Debug|Any CPU
		{45B22ADA-3245-40E8-AF0D-83C2E05E1772}.Release|Any CPU.ActiveCfg = Release|Any CPU
		{45B22ADA-3245-40E8-AF0D-83C2E05E1772}.Release|Any CPU.Build.0 = Release|Any CPU
		{B8532494-9319-4DAA-8E71-A2B599FCDBCD}.Debug|Any CPU.ActiveCfg = Debug|Any CPU
		{B8532494-9319-4DAA-8E71-A2B599FCDBCD}.Debug|Any CPU.Build.0 = Debug|Any CPU
		{B8532494-9319-4DAA-8E71-A2B599FCDBCD}.Release|Any CPU.ActiveCfg = Release|Any CPU
		{B8532494-9319-4DAA-8E71-A2B599FCDBCD}.Release|Any CPU.Build.0 = Release|Any CPU
		{253D9DEB-4EEC-4384-B699-CF49EFE3457C}.Debug|Any CPU.ActiveCfg = Debug|Any CPU
		{253D9DEB-4EEC-4384-B699-CF49EFE3457C}.Debug|Any CPU.Build.0 = Debug|Any CPU
		{253D9DEB-4EEC-4384-B699-CF49EFE3457C}.Release|Any CPU.ActiveCfg = Release|Any CPU
		{253D9DEB-4EEC-4384-B699-CF49EFE3457C}.Release|Any CPU.Build.0 = Release|Any CPU
		{6DD7CC2D-8086-4375-BD3D-8AE2FE17C2E7}.Debug|Any CPU.ActiveCfg = Debug|Any CPU
		{6DD7CC2D-8086-4375-BD3D-8AE2FE17C2E7}.Debug|Any CPU.Build.0 = Debug|Any CPU
		{6DD7CC2D-8086-4375-BD3D-8AE2FE17C2E7}.Release|Any CPU.ActiveCfg = Release|Any CPU
		{6DD7CC2D-8086-4375-BD3D-8AE2FE17C2E7}.Release|Any CPU.Build.0 = Release|Any CPU
		{939DC72B-BADC-477C-A562-43402B9C8BC8}.Debug|Any CPU.ActiveCfg = Debug|Any CPU
		{939DC72B-BADC-477C-A562-43402B9C8BC8}.Debug|Any CPU.Build.0 = Debug|Any CPU
		{939DC72B-BADC-477C-A562-43402B9C8BC8}.Release|Any CPU.ActiveCfg = Release|Any CPU
		{939DC72B-BADC-477C-A562-43402B9C8BC8}.Release|Any CPU.Build.0 = Release|Any CPU
		{73D2DA10-420E-4119-8E33-5AA7C09D5CD4}.Debug|Any CPU.ActiveCfg = Debug|Any CPU
		{73D2DA10-420E-4119-8E33-5AA7C09D5CD4}.Debug|Any CPU.Build.0 = Debug|Any CPU
		{73D2DA10-420E-4119-8E33-5AA7C09D5CD4}.Release|Any CPU.ActiveCfg = Release|Any CPU
		{73D2DA10-420E-4119-8E33-5AA7C09D5CD4}.Release|Any CPU.Build.0 = Release|Any CPU
		{CC40D1A2-A231-445F-9D64-1CD538614F88}.Debug|Any CPU.ActiveCfg = Debug|Any CPU
		{CC40D1A2-A231-445F-9D64-1CD538614F88}.Debug|Any CPU.Build.0 = Debug|Any CPU
		{CC40D1A2-A231-445F-9D64-1CD538614F88}.Release|Any CPU.ActiveCfg = Release|Any CPU
		{CC40D1A2-A231-445F-9D64-1CD538614F88}.Release|Any CPU.Build.0 = Release|Any CPU
		{68D623E4-F46E-47FC-B1A9-F5413C7C8586}.Debug|Any CPU.ActiveCfg = Debug|Any CPU
		{68D623E4-F46E-47FC-B1A9-F5413C7C8586}.Debug|Any CPU.Build.0 = Debug|Any CPU
		{68D623E4-F46E-47FC-B1A9-F5413C7C8586}.Release|Any CPU.ActiveCfg = Release|Any CPU
		{68D623E4-F46E-47FC-B1A9-F5413C7C8586}.Release|Any CPU.Build.0 = Release|Any CPU
		{74988052-7758-4DBE-BC4B-A0A8C5340F3A}.Debug|Any CPU.ActiveCfg = Debug|Any CPU
		{74988052-7758-4DBE-BC4B-A0A8C5340F3A}.Debug|Any CPU.Build.0 = Debug|Any CPU
		{74988052-7758-4DBE-BC4B-A0A8C5340F3A}.Release|Any CPU.ActiveCfg = Release|Any CPU
		{74988052-7758-4DBE-BC4B-A0A8C5340F3A}.Release|Any CPU.Build.0 = Release|Any CPU
		{A698F713-3383-4A16-BD88-19E21A555034}.Debug|Any CPU.ActiveCfg = Debug|Any CPU
		{A698F713-3383-4A16-BD88-19E21A555034}.Debug|Any CPU.Build.0 = Debug|Any CPU
		{A698F713-3383-4A16-BD88-19E21A555034}.Release|Any CPU.ActiveCfg = Release|Any CPU
		{A698F713-3383-4A16-BD88-19E21A555034}.Release|Any CPU.Build.0 = Release|Any CPU
		{73C6F6AD-A913-4913-8897-696857365D77}.Debug|Any CPU.ActiveCfg = Debug|Any CPU
		{73C6F6AD-A913-4913-8897-696857365D77}.Debug|Any CPU.Build.0 = Debug|Any CPU
		{73C6F6AD-A913-4913-8897-696857365D77}.Release|Any CPU.ActiveCfg = Release|Any CPU
		{73C6F6AD-A913-4913-8897-696857365D77}.Release|Any CPU.Build.0 = Release|Any CPU
		{B3DA8882-9BF4-4E84-B8B3-6811D706BE46}.Debug|Any CPU.ActiveCfg = Debug|Any CPU
		{B3DA8882-9BF4-4E84-B8B3-6811D706BE46}.Debug|Any CPU.Build.0 = Debug|Any CPU
		{B3DA8882-9BF4-4E84-B8B3-6811D706BE46}.Release|Any CPU.ActiveCfg = Release|Any CPU
		{B3DA8882-9BF4-4E84-B8B3-6811D706BE46}.Release|Any CPU.Build.0 = Release|Any CPU
		{4F8FAA29-E204-4A7F-979A-5066648ABC72}.Debug|Any CPU.ActiveCfg = Debug|Any CPU
		{4F8FAA29-E204-4A7F-979A-5066648ABC72}.Debug|Any CPU.Build.0 = Debug|Any CPU
		{4F8FAA29-E204-4A7F-979A-5066648ABC72}.Release|Any CPU.ActiveCfg = Release|Any CPU
		{4F8FAA29-E204-4A7F-979A-5066648ABC72}.Release|Any CPU.Build.0 = Release|Any CPU
		{9F9B16BC-CED0-49B4-9AE3-F094F9ECF686}.Debug|Any CPU.ActiveCfg = Debug|Any CPU
		{9F9B16BC-CED0-49B4-9AE3-F094F9ECF686}.Debug|Any CPU.Build.0 = Debug|Any CPU
		{9F9B16BC-CED0-49B4-9AE3-F094F9ECF686}.Release|Any CPU.ActiveCfg = Release|Any CPU
		{9F9B16BC-CED0-49B4-9AE3-F094F9ECF686}.Release|Any CPU.Build.0 = Release|Any CPU
		{BCA45654-AE89-4AAE-9AFC-C6CCF081A1EE}.Debug|Any CPU.ActiveCfg = Debug|Any CPU
		{BCA45654-AE89-4AAE-9AFC-C6CCF081A1EE}.Debug|Any CPU.Build.0 = Debug|Any CPU
		{BCA45654-AE89-4AAE-9AFC-C6CCF081A1EE}.Release|Any CPU.ActiveCfg = Release|Any CPU
		{BCA45654-AE89-4AAE-9AFC-C6CCF081A1EE}.Release|Any CPU.Build.0 = Release|Any CPU
		{6EAD9DB4-B311-45ED-8E19-3512AB063CC3}.Debug|Any CPU.ActiveCfg = Debug|Any CPU
		{6EAD9DB4-B311-45ED-8E19-3512AB063CC3}.Debug|Any CPU.Build.0 = Debug|Any CPU
		{6EAD9DB4-B311-45ED-8E19-3512AB063CC3}.Release|Any CPU.ActiveCfg = Release|Any CPU
		{6EAD9DB4-B311-45ED-8E19-3512AB063CC3}.Release|Any CPU.Build.0 = Release|Any CPU
		{5BABF386-80D5-4FC8-B6B0-6137F048A2C9}.Debug|Any CPU.ActiveCfg = Debug|Any CPU
		{5BABF386-80D5-4FC8-B6B0-6137F048A2C9}.Debug|Any CPU.Build.0 = Debug|Any CPU
		{5BABF386-80D5-4FC8-B6B0-6137F048A2C9}.Release|Any CPU.ActiveCfg = Release|Any CPU
		{5BABF386-80D5-4FC8-B6B0-6137F048A2C9}.Release|Any CPU.Build.0 = Release|Any CPU
		{799610E5-D2F1-4EED-8000-E50176117440}.Debug|Any CPU.ActiveCfg = Debug|Any CPU
		{799610E5-D2F1-4EED-8000-E50176117440}.Debug|Any CPU.Build.0 = Debug|Any CPU
		{799610E5-D2F1-4EED-8000-E50176117440}.Release|Any CPU.ActiveCfg = Release|Any CPU
		{799610E5-D2F1-4EED-8000-E50176117440}.Release|Any CPU.Build.0 = Release|Any CPU
		{796BD48F-2717-41A4-9AB6-46448A316C5A}.Debug|Any CPU.ActiveCfg = Debug|Any CPU
		{796BD48F-2717-41A4-9AB6-46448A316C5A}.Debug|Any CPU.Build.0 = Debug|Any CPU
		{796BD48F-2717-41A4-9AB6-46448A316C5A}.Release|Any CPU.ActiveCfg = Release|Any CPU
		{796BD48F-2717-41A4-9AB6-46448A316C5A}.Release|Any CPU.Build.0 = Release|Any CPU
		{F2D936EE-192E-43A4-B3EA-E56403870A6D}.Debug|Any CPU.ActiveCfg = Debug|Any CPU
		{F2D936EE-192E-43A4-B3EA-E56403870A6D}.Debug|Any CPU.Build.0 = Debug|Any CPU
		{F2D936EE-192E-43A4-B3EA-E56403870A6D}.Release|Any CPU.ActiveCfg = Release|Any CPU
		{F2D936EE-192E-43A4-B3EA-E56403870A6D}.Release|Any CPU.Build.0 = Release|Any CPU
		{858AD133-14D5-4897-9111-4D63CCD57DCD}.Debug|Any CPU.ActiveCfg = Debug|Any CPU
		{858AD133-14D5-4897-9111-4D63CCD57DCD}.Debug|Any CPU.Build.0 = Debug|Any CPU
		{858AD133-14D5-4897-9111-4D63CCD57DCD}.Release|Any CPU.ActiveCfg = Release|Any CPU
		{858AD133-14D5-4897-9111-4D63CCD57DCD}.Release|Any CPU.Build.0 = Release|Any CPU
		{3E860AE1-6E12-4EB2-B7CF-34576DD03B50}.Debug|Any CPU.ActiveCfg = Debug|Any CPU
		{3E860AE1-6E12-4EB2-B7CF-34576DD03B50}.Debug|Any CPU.Build.0 = Debug|Any CPU
		{3E860AE1-6E12-4EB2-B7CF-34576DD03B50}.Release|Any CPU.ActiveCfg = Release|Any CPU
		{3E860AE1-6E12-4EB2-B7CF-34576DD03B50}.Release|Any CPU.Build.0 = Release|Any CPU
		{EC84E21E-0197-4769-9E4A-86300C57CDBD}.Debug|Any CPU.ActiveCfg = Debug|Any CPU
		{EC84E21E-0197-4769-9E4A-86300C57CDBD}.Debug|Any CPU.Build.0 = Debug|Any CPU
		{EC84E21E-0197-4769-9E4A-86300C57CDBD}.Release|Any CPU.ActiveCfg = Release|Any CPU
		{EC84E21E-0197-4769-9E4A-86300C57CDBD}.Release|Any CPU.Build.0 = Release|Any CPU
		{55F3E7C8-EC2D-4B15-AC73-41AE8A5AB916}.Debug|Any CPU.ActiveCfg = Debug|Any CPU
		{55F3E7C8-EC2D-4B15-AC73-41AE8A5AB916}.Debug|Any CPU.Build.0 = Debug|Any CPU
		{55F3E7C8-EC2D-4B15-AC73-41AE8A5AB916}.Release|Any CPU.ActiveCfg = Release|Any CPU
		{55F3E7C8-EC2D-4B15-AC73-41AE8A5AB916}.Release|Any CPU.Build.0 = Release|Any CPU
		{4F07F0BD-464A-47AE-B2B6-5BBC971333E7}.Debug|Any CPU.ActiveCfg = Debug|Any CPU
		{4F07F0BD-464A-47AE-B2B6-5BBC971333E7}.Debug|Any CPU.Build.0 = Debug|Any CPU
		{4F07F0BD-464A-47AE-B2B6-5BBC971333E7}.Release|Any CPU.ActiveCfg = Release|Any CPU
		{4F07F0BD-464A-47AE-B2B6-5BBC971333E7}.Release|Any CPU.Build.0 = Release|Any CPU
		{124456D6-19ED-40BC-A501-D0DE89A2114E}.Debug|Any CPU.ActiveCfg = Debug|Any CPU
		{124456D6-19ED-40BC-A501-D0DE89A2114E}.Debug|Any CPU.Build.0 = Debug|Any CPU
		{124456D6-19ED-40BC-A501-D0DE89A2114E}.Release|Any CPU.ActiveCfg = Release|Any CPU
		{124456D6-19ED-40BC-A501-D0DE89A2114E}.Release|Any CPU.Build.0 = Release|Any CPU
		{9FB277AC-7920-4CD4-91A2-816C8D87675D}.Debug|Any CPU.ActiveCfg = Debug|Any CPU
		{9FB277AC-7920-4CD4-91A2-816C8D87675D}.Debug|Any CPU.Build.0 = Debug|Any CPU
		{9FB277AC-7920-4CD4-91A2-816C8D87675D}.Release|Any CPU.ActiveCfg = Release|Any CPU
		{9FB277AC-7920-4CD4-91A2-816C8D87675D}.Release|Any CPU.Build.0 = Release|Any CPU
		{929AF2A5-7DDC-421F-A5B3-A3256185FE11}.Debug|Any CPU.ActiveCfg = Debug|Any CPU
		{929AF2A5-7DDC-421F-A5B3-A3256185FE11}.Debug|Any CPU.Build.0 = Debug|Any CPU
		{929AF2A5-7DDC-421F-A5B3-A3256185FE11}.Release|Any CPU.ActiveCfg = Release|Any CPU
		{929AF2A5-7DDC-421F-A5B3-A3256185FE11}.Release|Any CPU.Build.0 = Release|Any CPU
		{9B239417-0606-4454-BDA7-2F44938363CF}.Debug|Any CPU.ActiveCfg = Debug|Any CPU
		{9B239417-0606-4454-BDA7-2F44938363CF}.Debug|Any CPU.Build.0 = Debug|Any CPU
		{9B239417-0606-4454-BDA7-2F44938363CF}.Release|Any CPU.ActiveCfg = Release|Any CPU
		{9B239417-0606-4454-BDA7-2F44938363CF}.Release|Any CPU.Build.0 = Release|Any CPU
		{A213CECA-8FAC-40BB-98EF-43577FB606CB}.Debug|Any CPU.ActiveCfg = Debug|Any CPU
		{A213CECA-8FAC-40BB-98EF-43577FB606CB}.Debug|Any CPU.Build.0 = Debug|Any CPU
		{A213CECA-8FAC-40BB-98EF-43577FB606CB}.Release|Any CPU.ActiveCfg = Release|Any CPU
		{A213CECA-8FAC-40BB-98EF-43577FB606CB}.Release|Any CPU.Build.0 = Release|Any CPU
		{865DCE4C-C5A5-4DBF-8E0A-1BBED08B0E0D}.Debug|Any CPU.ActiveCfg = Debug|Any CPU
		{865DCE4C-C5A5-4DBF-8E0A-1BBED08B0E0D}.Debug|Any CPU.Build.0 = Debug|Any CPU
		{865DCE4C-C5A5-4DBF-8E0A-1BBED08B0E0D}.Release|Any CPU.ActiveCfg = Release|Any CPU
		{865DCE4C-C5A5-4DBF-8E0A-1BBED08B0E0D}.Release|Any CPU.Build.0 = Release|Any CPU
		{BD91EA78-1E5F-46B1-B9B9-D18A7922346F}.Debug|Any CPU.ActiveCfg = Debug|Any CPU
		{BD91EA78-1E5F-46B1-B9B9-D18A7922346F}.Debug|Any CPU.Build.0 = Debug|Any CPU
		{BD91EA78-1E5F-46B1-B9B9-D18A7922346F}.Release|Any CPU.ActiveCfg = Release|Any CPU
		{BD91EA78-1E5F-46B1-B9B9-D18A7922346F}.Release|Any CPU.Build.0 = Release|Any CPU
		{5B81AF76-F430-449C-B6FE-3BD9978A7DBB}.Debug|Any CPU.ActiveCfg = Debug|Any CPU
		{5B81AF76-F430-449C-B6FE-3BD9978A7DBB}.Debug|Any CPU.Build.0 = Debug|Any CPU
		{5B81AF76-F430-449C-B6FE-3BD9978A7DBB}.Release|Any CPU.ActiveCfg = Release|Any CPU
		{5B81AF76-F430-449C-B6FE-3BD9978A7DBB}.Release|Any CPU.Build.0 = Release|Any CPU
		{6A529026-CE7F-4522-814C-67384D223783}.Debug|Any CPU.ActiveCfg = Debug|Any CPU
		{6A529026-CE7F-4522-814C-67384D223783}.Debug|Any CPU.Build.0 = Debug|Any CPU
		{6A529026-CE7F-4522-814C-67384D223783}.Release|Any CPU.ActiveCfg = Release|Any CPU
		{6A529026-CE7F-4522-814C-67384D223783}.Release|Any CPU.Build.0 = Release|Any CPU
		{CE5C63EB-E3E1-413F-9196-D44D2D098958}.Debug|Any CPU.ActiveCfg = Debug|Any CPU
		{CE5C63EB-E3E1-413F-9196-D44D2D098958}.Debug|Any CPU.Build.0 = Debug|Any CPU
		{CE5C63EB-E3E1-413F-9196-D44D2D098958}.Release|Any CPU.ActiveCfg = Release|Any CPU
		{CE5C63EB-E3E1-413F-9196-D44D2D098958}.Release|Any CPU.Build.0 = Release|Any CPU
		{CA530885-2231-49C9-A6D9-4B2309E3E256}.Debug|Any CPU.ActiveCfg = Debug|Any CPU
		{CA530885-2231-49C9-A6D9-4B2309E3E256}.Debug|Any CPU.Build.0 = Debug|Any CPU
		{CA530885-2231-49C9-A6D9-4B2309E3E256}.Release|Any CPU.ActiveCfg = Release|Any CPU
		{CA530885-2231-49C9-A6D9-4B2309E3E256}.Release|Any CPU.Build.0 = Release|Any CPU
		{C5B07A00-7B9C-49B2-AA5C-2C25DF5482BF}.Debug|Any CPU.ActiveCfg = Debug|Any CPU
		{C5B07A00-7B9C-49B2-AA5C-2C25DF5482BF}.Debug|Any CPU.Build.0 = Debug|Any CPU
		{C5B07A00-7B9C-49B2-AA5C-2C25DF5482BF}.Release|Any CPU.ActiveCfg = Release|Any CPU
		{C5B07A00-7B9C-49B2-AA5C-2C25DF5482BF}.Release|Any CPU.Build.0 = Release|Any CPU
		{1C97DFB1-A777-480E-97E8-7DB86FBB91C9}.Debug|Any CPU.ActiveCfg = Debug|Any CPU
		{1C97DFB1-A777-480E-97E8-7DB86FBB91C9}.Debug|Any CPU.Build.0 = Debug|Any CPU
		{1C97DFB1-A777-480E-97E8-7DB86FBB91C9}.Release|Any CPU.ActiveCfg = Release|Any CPU
		{1C97DFB1-A777-480E-97E8-7DB86FBB91C9}.Release|Any CPU.Build.0 = Release|Any CPU
		{FF99D46D-4EE3-4ECA-AA13-70C018D30489}.Debug|Any CPU.ActiveCfg = Debug|Any CPU
		{FF99D46D-4EE3-4ECA-AA13-70C018D30489}.Debug|Any CPU.Build.0 = Debug|Any CPU
		{FF99D46D-4EE3-4ECA-AA13-70C018D30489}.Release|Any CPU.ActiveCfg = Release|Any CPU
		{FF99D46D-4EE3-4ECA-AA13-70C018D30489}.Release|Any CPU.Build.0 = Release|Any CPU
		{DA396BC7-BEA4-416C-92A7-EFDCDF2375FE}.Debug|Any CPU.ActiveCfg = Debug|Any CPU
		{DA396BC7-BEA4-416C-92A7-EFDCDF2375FE}.Debug|Any CPU.Build.0 = Debug|Any CPU
		{DA396BC7-BEA4-416C-92A7-EFDCDF2375FE}.Release|Any CPU.ActiveCfg = Release|Any CPU
		{DA396BC7-BEA4-416C-92A7-EFDCDF2375FE}.Release|Any CPU.Build.0 = Release|Any CPU
		{343D09F2-AE61-40B7-94F0-5851B61AB5A1}.Debug|Any CPU.ActiveCfg = Debug|Any CPU
		{343D09F2-AE61-40B7-94F0-5851B61AB5A1}.Debug|Any CPU.Build.0 = Debug|Any CPU
		{343D09F2-AE61-40B7-94F0-5851B61AB5A1}.Release|Any CPU.ActiveCfg = Release|Any CPU
		{343D09F2-AE61-40B7-94F0-5851B61AB5A1}.Release|Any CPU.Build.0 = Release|Any CPU
		{FA691C70-9D13-4485-BF1E-21FC9899DF22}.Debug|Any CPU.ActiveCfg = Debug|Any CPU
		{FA691C70-9D13-4485-BF1E-21FC9899DF22}.Debug|Any CPU.Build.0 = Debug|Any CPU
		{FA691C70-9D13-4485-BF1E-21FC9899DF22}.Release|Any CPU.ActiveCfg = Release|Any CPU
		{FA691C70-9D13-4485-BF1E-21FC9899DF22}.Release|Any CPU.Build.0 = Release|Any CPU
		{50D79628-3FF6-4F7B-94B2-EF852E7CE135}.Debug|Any CPU.ActiveCfg = Debug|Any CPU
		{50D79628-3FF6-4F7B-94B2-EF852E7CE135}.Debug|Any CPU.Build.0 = Debug|Any CPU
		{50D79628-3FF6-4F7B-94B2-EF852E7CE135}.Release|Any CPU.ActiveCfg = Release|Any CPU
		{50D79628-3FF6-4F7B-94B2-EF852E7CE135}.Release|Any CPU.Build.0 = Release|Any CPU
		{28F8DF40-36DD-4EC0-A412-07DD47A32289}.Debug|Any CPU.ActiveCfg = Debug|Any CPU
		{28F8DF40-36DD-4EC0-A412-07DD47A32289}.Debug|Any CPU.Build.0 = Debug|Any CPU
		{28F8DF40-36DD-4EC0-A412-07DD47A32289}.Release|Any CPU.ActiveCfg = Release|Any CPU
		{28F8DF40-36DD-4EC0-A412-07DD47A32289}.Release|Any CPU.Build.0 = Release|Any CPU
		{4582C0DA-D9B7-497A-B791-C9D4B03FC469}.Debug|Any CPU.ActiveCfg = Debug|Any CPU
		{4582C0DA-D9B7-497A-B791-C9D4B03FC469}.Debug|Any CPU.Build.0 = Debug|Any CPU
		{4582C0DA-D9B7-497A-B791-C9D4B03FC469}.Release|Any CPU.ActiveCfg = Release|Any CPU
		{4582C0DA-D9B7-497A-B791-C9D4B03FC469}.Release|Any CPU.Build.0 = Release|Any CPU
		{A1B31BAF-9070-42DC-8BB7-9CEF1C55CE89}.Debug|Any CPU.ActiveCfg = Debug|Any CPU
		{A1B31BAF-9070-42DC-8BB7-9CEF1C55CE89}.Debug|Any CPU.Build.0 = Debug|Any CPU
		{A1B31BAF-9070-42DC-8BB7-9CEF1C55CE89}.Release|Any CPU.ActiveCfg = Release|Any CPU
		{A1B31BAF-9070-42DC-8BB7-9CEF1C55CE89}.Release|Any CPU.Build.0 = Release|Any CPU
		{C287DDFD-A3C6-4D5E-9259-45439281B4DF}.Debug|Any CPU.ActiveCfg = Debug|Any CPU
		{C287DDFD-A3C6-4D5E-9259-45439281B4DF}.Debug|Any CPU.Build.0 = Debug|Any CPU
		{C287DDFD-A3C6-4D5E-9259-45439281B4DF}.Release|Any CPU.ActiveCfg = Release|Any CPU
		{C287DDFD-A3C6-4D5E-9259-45439281B4DF}.Release|Any CPU.Build.0 = Release|Any CPU
		{617C771B-FAF2-4B30-A9D5-D97025CCEB25}.Debug|Any CPU.ActiveCfg = Debug|Any CPU
		{617C771B-FAF2-4B30-A9D5-D97025CCEB25}.Debug|Any CPU.Build.0 = Debug|Any CPU
		{617C771B-FAF2-4B30-A9D5-D97025CCEB25}.Release|Any CPU.ActiveCfg = Release|Any CPU
		{617C771B-FAF2-4B30-A9D5-D97025CCEB25}.Release|Any CPU.Build.0 = Release|Any CPU
		{D12DD82A-524A-4E48-AF88-7CA32FE61F0C}.Debug|Any CPU.ActiveCfg = Debug|Any CPU
		{D12DD82A-524A-4E48-AF88-7CA32FE61F0C}.Debug|Any CPU.Build.0 = Debug|Any CPU
		{D12DD82A-524A-4E48-AF88-7CA32FE61F0C}.Release|Any CPU.ActiveCfg = Release|Any CPU
		{D12DD82A-524A-4E48-AF88-7CA32FE61F0C}.Release|Any CPU.Build.0 = Release|Any CPU
		{291446B2-6CCE-407A-96EA-931398299B45}.Debug|Any CPU.ActiveCfg = Debug|Any CPU
		{291446B2-6CCE-407A-96EA-931398299B45}.Debug|Any CPU.Build.0 = Debug|Any CPU
		{291446B2-6CCE-407A-96EA-931398299B45}.Release|Any CPU.ActiveCfg = Release|Any CPU
		{291446B2-6CCE-407A-96EA-931398299B45}.Release|Any CPU.Build.0 = Release|Any CPU
		{00E64164-0175-4148-9BD8-1AC3528D1169}.Debug|Any CPU.ActiveCfg = Debug|Any CPU
		{00E64164-0175-4148-9BD8-1AC3528D1169}.Debug|Any CPU.Build.0 = Debug|Any CPU
		{00E64164-0175-4148-9BD8-1AC3528D1169}.Release|Any CPU.ActiveCfg = Release|Any CPU
		{00E64164-0175-4148-9BD8-1AC3528D1169}.Release|Any CPU.Build.0 = Release|Any CPU
		{2769E886-F72E-498C-85D2-7870BF048E0F}.Debug|Any CPU.ActiveCfg = Debug|Any CPU
		{2769E886-F72E-498C-85D2-7870BF048E0F}.Debug|Any CPU.Build.0 = Debug|Any CPU
		{2769E886-F72E-498C-85D2-7870BF048E0F}.Release|Any CPU.ActiveCfg = Release|Any CPU
		{2769E886-F72E-498C-85D2-7870BF048E0F}.Release|Any CPU.Build.0 = Release|Any CPU
		{18F96080-55F3-425E-9CC8-E70D3F995FFB}.Debug|Any CPU.ActiveCfg = Debug|Any CPU
		{18F96080-55F3-425E-9CC8-E70D3F995FFB}.Debug|Any CPU.Build.0 = Debug|Any CPU
		{18F96080-55F3-425E-9CC8-E70D3F995FFB}.Release|Any CPU.ActiveCfg = Release|Any CPU
		{18F96080-55F3-425E-9CC8-E70D3F995FFB}.Release|Any CPU.Build.0 = Release|Any CPU
		{44C94A4D-D40A-463E-BB93-6187589AEC70}.Debug|Any CPU.ActiveCfg = Debug|Any CPU
		{44C94A4D-D40A-463E-BB93-6187589AEC70}.Debug|Any CPU.Build.0 = Debug|Any CPU
		{44C94A4D-D40A-463E-BB93-6187589AEC70}.Release|Any CPU.ActiveCfg = Release|Any CPU
		{44C94A4D-D40A-463E-BB93-6187589AEC70}.Release|Any CPU.Build.0 = Release|Any CPU
		{85304DE2-1012-4A59-9EFB-9F52B3C1C4A3}.Debug|Any CPU.ActiveCfg = Debug|Any CPU
		{85304DE2-1012-4A59-9EFB-9F52B3C1C4A3}.Debug|Any CPU.Build.0 = Debug|Any CPU
		{85304DE2-1012-4A59-9EFB-9F52B3C1C4A3}.Release|Any CPU.ActiveCfg = Release|Any CPU
		{85304DE2-1012-4A59-9EFB-9F52B3C1C4A3}.Release|Any CPU.Build.0 = Release|Any CPU
		{D8244AAD-75C7-49AA-8DC8-FF9FCEB8E04A}.Debug|Any CPU.ActiveCfg = Debug|Any CPU
		{D8244AAD-75C7-49AA-8DC8-FF9FCEB8E04A}.Debug|Any CPU.Build.0 = Debug|Any CPU
		{D8244AAD-75C7-49AA-8DC8-FF9FCEB8E04A}.Release|Any CPU.ActiveCfg = Release|Any CPU
		{D8244AAD-75C7-49AA-8DC8-FF9FCEB8E04A}.Release|Any CPU.Build.0 = Release|Any CPU
		{A78FAA13-F363-4F79-A746-C0FF3933A1AF}.Debug|Any CPU.ActiveCfg = Debug|Any CPU
		{A78FAA13-F363-4F79-A746-C0FF3933A1AF}.Debug|Any CPU.Build.0 = Debug|Any CPU
		{A78FAA13-F363-4F79-A746-C0FF3933A1AF}.Release|Any CPU.ActiveCfg = Release|Any CPU
		{A78FAA13-F363-4F79-A746-C0FF3933A1AF}.Release|Any CPU.Build.0 = Release|Any CPU
		{D10BFD71-6E13-41B9-83CF-FE8D1A5086E1}.Debug|Any CPU.ActiveCfg = Debug|Any CPU
		{D10BFD71-6E13-41B9-83CF-FE8D1A5086E1}.Debug|Any CPU.Build.0 = Debug|Any CPU
		{D10BFD71-6E13-41B9-83CF-FE8D1A5086E1}.Release|Any CPU.ActiveCfg = Release|Any CPU
		{D10BFD71-6E13-41B9-83CF-FE8D1A5086E1}.Release|Any CPU.Build.0 = Release|Any CPU
		{7E08B14D-4FDA-4216-BC50-B7975D0CD5BF}.Debug|Any CPU.ActiveCfg = Debug|Any CPU
		{7E08B14D-4FDA-4216-BC50-B7975D0CD5BF}.Debug|Any CPU.Build.0 = Debug|Any CPU
		{7E08B14D-4FDA-4216-BC50-B7975D0CD5BF}.Release|Any CPU.ActiveCfg = Release|Any CPU
		{7E08B14D-4FDA-4216-BC50-B7975D0CD5BF}.Release|Any CPU.Build.0 = Release|Any CPU
		{7D383A55-20A0-401C-ACF8-FF14B34631BB}.Debug|Any CPU.ActiveCfg = Debug|Any CPU
		{7D383A55-20A0-401C-ACF8-FF14B34631BB}.Debug|Any CPU.Build.0 = Debug|Any CPU
		{7D383A55-20A0-401C-ACF8-FF14B34631BB}.Release|Any CPU.ActiveCfg = Release|Any CPU
		{7D383A55-20A0-401C-ACF8-FF14B34631BB}.Release|Any CPU.Build.0 = Release|Any CPU
		{BF1EDDBB-6C7F-4AE8-9EA1-669FFF6EC6A9}.Debug|Any CPU.ActiveCfg = Debug|Any CPU
		{BF1EDDBB-6C7F-4AE8-9EA1-669FFF6EC6A9}.Debug|Any CPU.Build.0 = Debug|Any CPU
		{BF1EDDBB-6C7F-4AE8-9EA1-669FFF6EC6A9}.Release|Any CPU.ActiveCfg = Release|Any CPU
		{BF1EDDBB-6C7F-4AE8-9EA1-669FFF6EC6A9}.Release|Any CPU.Build.0 = Release|Any CPU
		{6C36AD95-BD64-4F13-A94E-4D076893037A}.Debug|Any CPU.ActiveCfg = Debug|Any CPU
		{6C36AD95-BD64-4F13-A94E-4D076893037A}.Debug|Any CPU.Build.0 = Debug|Any CPU
		{6C36AD95-BD64-4F13-A94E-4D076893037A}.Release|Any CPU.ActiveCfg = Release|Any CPU
		{6C36AD95-BD64-4F13-A94E-4D076893037A}.Release|Any CPU.Build.0 = Release|Any CPU
		{39E1EDD7-8EEE-470F-9672-5B99D78843F4}.Debug|Any CPU.ActiveCfg = Debug|Any CPU
		{39E1EDD7-8EEE-470F-9672-5B99D78843F4}.Debug|Any CPU.Build.0 = Debug|Any CPU
		{39E1EDD7-8EEE-470F-9672-5B99D78843F4}.Release|Any CPU.ActiveCfg = Release|Any CPU
		{39E1EDD7-8EEE-470F-9672-5B99D78843F4}.Release|Any CPU.Build.0 = Release|Any CPU
		{B2478BDC-4FAD-4CBC-A7C8-382D90AA5D97}.Debug|Any CPU.ActiveCfg = Debug|Any CPU
		{B2478BDC-4FAD-4CBC-A7C8-382D90AA5D97}.Debug|Any CPU.Build.0 = Debug|Any CPU
		{B2478BDC-4FAD-4CBC-A7C8-382D90AA5D97}.Release|Any CPU.ActiveCfg = Release|Any CPU
		{B2478BDC-4FAD-4CBC-A7C8-382D90AA5D97}.Release|Any CPU.Build.0 = Release|Any CPU
		{39CC7A1B-51F9-4404-B2BF-1FD8AA529498}.Debug|Any CPU.ActiveCfg = Debug|Any CPU
		{39CC7A1B-51F9-4404-B2BF-1FD8AA529498}.Debug|Any CPU.Build.0 = Debug|Any CPU
		{39CC7A1B-51F9-4404-B2BF-1FD8AA529498}.Release|Any CPU.ActiveCfg = Release|Any CPU
		{39CC7A1B-51F9-4404-B2BF-1FD8AA529498}.Release|Any CPU.Build.0 = Release|Any CPU
		{8DAEA461-8783-4702-AE13-104BB9BDE38F}.Debug|Any CPU.ActiveCfg = Debug|Any CPU
		{8DAEA461-8783-4702-AE13-104BB9BDE38F}.Debug|Any CPU.Build.0 = Debug|Any CPU
		{8DAEA461-8783-4702-AE13-104BB9BDE38F}.Release|Any CPU.ActiveCfg = Release|Any CPU
		{8DAEA461-8783-4702-AE13-104BB9BDE38F}.Release|Any CPU.Build.0 = Release|Any CPU
		{C9D0C176-6119-45A2-A096-97342F081368}.Debug|Any CPU.ActiveCfg = Debug|Any CPU
		{C9D0C176-6119-45A2-A096-97342F081368}.Debug|Any CPU.Build.0 = Debug|Any CPU
		{C9D0C176-6119-45A2-A096-97342F081368}.Release|Any CPU.ActiveCfg = Release|Any CPU
		{C9D0C176-6119-45A2-A096-97342F081368}.Release|Any CPU.Build.0 = Release|Any CPU
		{095D4198-C6A4-4224-97BC-19399CFCD7AD}.Debug|Any CPU.ActiveCfg = Debug|Any CPU
		{095D4198-C6A4-4224-97BC-19399CFCD7AD}.Debug|Any CPU.Build.0 = Debug|Any CPU
		{095D4198-C6A4-4224-97BC-19399CFCD7AD}.Release|Any CPU.ActiveCfg = Release|Any CPU
		{095D4198-C6A4-4224-97BC-19399CFCD7AD}.Release|Any CPU.Build.0 = Release|Any CPU
		{7FFD8C0F-BB94-4795-8FB4-264C3C7E3488}.Debug|Any CPU.ActiveCfg = Debug|Any CPU
		{7FFD8C0F-BB94-4795-8FB4-264C3C7E3488}.Debug|Any CPU.Build.0 = Debug|Any CPU
		{7FFD8C0F-BB94-4795-8FB4-264C3C7E3488}.Release|Any CPU.ActiveCfg = Release|Any CPU
		{7FFD8C0F-BB94-4795-8FB4-264C3C7E3488}.Release|Any CPU.Build.0 = Release|Any CPU
		{C123AD15-902A-4CCC-9838-87BF819E2B4D}.Debug|Any CPU.ActiveCfg = Debug|Any CPU
		{C123AD15-902A-4CCC-9838-87BF819E2B4D}.Debug|Any CPU.Build.0 = Debug|Any CPU
		{C123AD15-902A-4CCC-9838-87BF819E2B4D}.Release|Any CPU.ActiveCfg = Release|Any CPU
		{C123AD15-902A-4CCC-9838-87BF819E2B4D}.Release|Any CPU.Build.0 = Release|Any CPU
		{B84D82E0-5715-4E2F-8101-44B9CF716F99}.Debug|Any CPU.ActiveCfg = Debug|Any CPU
		{B84D82E0-5715-4E2F-8101-44B9CF716F99}.Debug|Any CPU.Build.0 = Debug|Any CPU
		{B84D82E0-5715-4E2F-8101-44B9CF716F99}.Release|Any CPU.ActiveCfg = Release|Any CPU
		{B84D82E0-5715-4E2F-8101-44B9CF716F99}.Release|Any CPU.Build.0 = Release|Any CPU
		{57F280CC-1355-4D4A-8CC9-1AAC82AD2679}.Debug|Any CPU.ActiveCfg = Debug|Any CPU
		{57F280CC-1355-4D4A-8CC9-1AAC82AD2679}.Debug|Any CPU.Build.0 = Debug|Any CPU
		{57F280CC-1355-4D4A-8CC9-1AAC82AD2679}.Release|Any CPU.ActiveCfg = Release|Any CPU
		{57F280CC-1355-4D4A-8CC9-1AAC82AD2679}.Release|Any CPU.Build.0 = Release|Any CPU
		{39550A43-CDA5-493B-B077-F23AD47840B0}.Debug|Any CPU.ActiveCfg = Debug|Any CPU
		{39550A43-CDA5-493B-B077-F23AD47840B0}.Debug|Any CPU.Build.0 = Debug|Any CPU
		{39550A43-CDA5-493B-B077-F23AD47840B0}.Release|Any CPU.ActiveCfg = Release|Any CPU
		{39550A43-CDA5-493B-B077-F23AD47840B0}.Release|Any CPU.Build.0 = Release|Any CPU
		{56D2CD44-C20D-446F-BE4F-240EC4E615AE}.Debug|Any CPU.ActiveCfg = Debug|Any CPU
		{56D2CD44-C20D-446F-BE4F-240EC4E615AE}.Debug|Any CPU.Build.0 = Debug|Any CPU
		{56D2CD44-C20D-446F-BE4F-240EC4E615AE}.Release|Any CPU.ActiveCfg = Release|Any CPU
		{56D2CD44-C20D-446F-BE4F-240EC4E615AE}.Release|Any CPU.Build.0 = Release|Any CPU
		{DE9B1680-6C40-403B-B773-D0A0C0BA17C9}.Debug|Any CPU.ActiveCfg = Debug|Any CPU
		{DE9B1680-6C40-403B-B773-D0A0C0BA17C9}.Debug|Any CPU.Build.0 = Debug|Any CPU
		{DE9B1680-6C40-403B-B773-D0A0C0BA17C9}.Release|Any CPU.ActiveCfg = Release|Any CPU
		{DE9B1680-6C40-403B-B773-D0A0C0BA17C9}.Release|Any CPU.Build.0 = Release|Any CPU
		{9714E40A-175E-441D-8591-1DF7B316B3C3}.Debug|Any CPU.ActiveCfg = Debug|Any CPU
		{9714E40A-175E-441D-8591-1DF7B316B3C3}.Debug|Any CPU.Build.0 = Debug|Any CPU
		{9714E40A-175E-441D-8591-1DF7B316B3C3}.Release|Any CPU.ActiveCfg = Release|Any CPU
		{9714E40A-175E-441D-8591-1DF7B316B3C3}.Release|Any CPU.Build.0 = Release|Any CPU
		{B2F8BCD4-17F3-4284-91A1-99402B958E8B}.Debug|Any CPU.ActiveCfg = Debug|Any CPU
		{B2F8BCD4-17F3-4284-91A1-99402B958E8B}.Debug|Any CPU.Build.0 = Debug|Any CPU
		{B2F8BCD4-17F3-4284-91A1-99402B958E8B}.Release|Any CPU.ActiveCfg = Release|Any CPU
		{B2F8BCD4-17F3-4284-91A1-99402B958E8B}.Release|Any CPU.Build.0 = Release|Any CPU
		{DF8A58A4-D737-4ECE-8C27-D40444D0E9A6}.Debug|Any CPU.ActiveCfg = Debug|Any CPU
		{DF8A58A4-D737-4ECE-8C27-D40444D0E9A6}.Debug|Any CPU.Build.0 = Debug|Any CPU
		{DF8A58A4-D737-4ECE-8C27-D40444D0E9A6}.Release|Any CPU.ActiveCfg = Release|Any CPU
		{DF8A58A4-D737-4ECE-8C27-D40444D0E9A6}.Release|Any CPU.Build.0 = Release|Any CPU
		{F4888738-B67C-4ACF-9190-5F074FD146D5}.Debug|Any CPU.ActiveCfg = Debug|Any CPU
		{F4888738-B67C-4ACF-9190-5F074FD146D5}.Debug|Any CPU.Build.0 = Debug|Any CPU
		{F4888738-B67C-4ACF-9190-5F074FD146D5}.Release|Any CPU.ActiveCfg = Release|Any CPU
		{F4888738-B67C-4ACF-9190-5F074FD146D5}.Release|Any CPU.Build.0 = Release|Any CPU
		{6A165998-EB1C-43DB-8995-A79CD7FE7761}.Debug|Any CPU.ActiveCfg = Debug|Any CPU
		{6A165998-EB1C-43DB-8995-A79CD7FE7761}.Debug|Any CPU.Build.0 = Debug|Any CPU
		{6A165998-EB1C-43DB-8995-A79CD7FE7761}.Release|Any CPU.ActiveCfg = Release|Any CPU
		{6A165998-EB1C-43DB-8995-A79CD7FE7761}.Release|Any CPU.Build.0 = Release|Any CPU
		{88CD6ADD-4F52-4B1A-8581-CC7628B34E49}.Debug|Any CPU.ActiveCfg = Debug|Any CPU
		{88CD6ADD-4F52-4B1A-8581-CC7628B34E49}.Debug|Any CPU.Build.0 = Debug|Any CPU
		{88CD6ADD-4F52-4B1A-8581-CC7628B34E49}.Release|Any CPU.ActiveCfg = Release|Any CPU
		{88CD6ADD-4F52-4B1A-8581-CC7628B34E49}.Release|Any CPU.Build.0 = Release|Any CPU
		{3BA8FA9D-78B0-49A3-9DB5-B117729FFBCC}.Debug|Any CPU.ActiveCfg = Debug|Any CPU
		{3BA8FA9D-78B0-49A3-9DB5-B117729FFBCC}.Debug|Any CPU.Build.0 = Debug|Any CPU
		{3BA8FA9D-78B0-49A3-9DB5-B117729FFBCC}.Release|Any CPU.ActiveCfg = Release|Any CPU
		{3BA8FA9D-78B0-49A3-9DB5-B117729FFBCC}.Release|Any CPU.Build.0 = Release|Any CPU
		{D7F8D127-50B4-4843-A930-CC74C7423B07}.Debug|Any CPU.ActiveCfg = Debug|Any CPU
		{D7F8D127-50B4-4843-A930-CC74C7423B07}.Debug|Any CPU.Build.0 = Debug|Any CPU
		{D7F8D127-50B4-4843-A930-CC74C7423B07}.Release|Any CPU.ActiveCfg = Release|Any CPU
		{D7F8D127-50B4-4843-A930-CC74C7423B07}.Release|Any CPU.Build.0 = Release|Any CPU
		{0668CD37-8BF2-41D8-9D02-01F59BB3562D}.Debug|Any CPU.ActiveCfg = Debug|Any CPU
		{0668CD37-8BF2-41D8-9D02-01F59BB3562D}.Debug|Any CPU.Build.0 = Debug|Any CPU
		{0668CD37-8BF2-41D8-9D02-01F59BB3562D}.Release|Any CPU.ActiveCfg = Release|Any CPU
		{0668CD37-8BF2-41D8-9D02-01F59BB3562D}.Release|Any CPU.Build.0 = Release|Any CPU
		{09235D04-D639-4B8E-B1FF-07F7FA5F9C83}.Debug|Any CPU.ActiveCfg = Debug|Any CPU
		{09235D04-D639-4B8E-B1FF-07F7FA5F9C83}.Debug|Any CPU.Build.0 = Debug|Any CPU
		{09235D04-D639-4B8E-B1FF-07F7FA5F9C83}.Release|Any CPU.ActiveCfg = Release|Any CPU
		{09235D04-D639-4B8E-B1FF-07F7FA5F9C83}.Release|Any CPU.Build.0 = Release|Any CPU
		{0AC7F286-1A88-4BCA-9FD4-7D00B7499DA7}.Debug|Any CPU.ActiveCfg = Debug|Any CPU
		{0AC7F286-1A88-4BCA-9FD4-7D00B7499DA7}.Debug|Any CPU.Build.0 = Debug|Any CPU
		{0AC7F286-1A88-4BCA-9FD4-7D00B7499DA7}.Release|Any CPU.ActiveCfg = Release|Any CPU
		{0AC7F286-1A88-4BCA-9FD4-7D00B7499DA7}.Release|Any CPU.Build.0 = Release|Any CPU
		{01123A3D-9D62-4729-9261-E1CFDF3F1D0F}.Debug|Any CPU.ActiveCfg = Debug|Any CPU
		{01123A3D-9D62-4729-9261-E1CFDF3F1D0F}.Debug|Any CPU.Build.0 = Debug|Any CPU
		{01123A3D-9D62-4729-9261-E1CFDF3F1D0F}.Release|Any CPU.ActiveCfg = Release|Any CPU
		{01123A3D-9D62-4729-9261-E1CFDF3F1D0F}.Release|Any CPU.Build.0 = Release|Any CPU
		{C151D926-722D-4B68-83C7-7D361B91F56E}.Debug|Any CPU.ActiveCfg = Debug|Any CPU
		{C151D926-722D-4B68-83C7-7D361B91F56E}.Debug|Any CPU.Build.0 = Debug|Any CPU
		{C151D926-722D-4B68-83C7-7D361B91F56E}.Release|Any CPU.ActiveCfg = Release|Any CPU
		{C151D926-722D-4B68-83C7-7D361B91F56E}.Release|Any CPU.Build.0 = Release|Any CPU
		{62344F7D-F543-49F0-A0AC-FD28ADC3A7B6}.Debug|Any CPU.ActiveCfg = Debug|Any CPU
		{62344F7D-F543-49F0-A0AC-FD28ADC3A7B6}.Debug|Any CPU.Build.0 = Debug|Any CPU
		{62344F7D-F543-49F0-A0AC-FD28ADC3A7B6}.Release|Any CPU.ActiveCfg = Release|Any CPU
		{62344F7D-F543-49F0-A0AC-FD28ADC3A7B6}.Release|Any CPU.Build.0 = Release|Any CPU
		{38066306-079C-49A8-8CBF-154F6EF36379}.Debug|Any CPU.ActiveCfg = Debug|Any CPU
		{38066306-079C-49A8-8CBF-154F6EF36379}.Debug|Any CPU.Build.0 = Debug|Any CPU
		{38066306-079C-49A8-8CBF-154F6EF36379}.Release|Any CPU.ActiveCfg = Release|Any CPU
		{38066306-079C-49A8-8CBF-154F6EF36379}.Release|Any CPU.Build.0 = Release|Any CPU
		{615B6505-DFE3-485C-B036-380454C3DE37}.Debug|Any CPU.ActiveCfg = Debug|Any CPU
		{615B6505-DFE3-485C-B036-380454C3DE37}.Debug|Any CPU.Build.0 = Debug|Any CPU
		{615B6505-DFE3-485C-B036-380454C3DE37}.Release|Any CPU.ActiveCfg = Release|Any CPU
		{615B6505-DFE3-485C-B036-380454C3DE37}.Release|Any CPU.Build.0 = Release|Any CPU
		{47B29C06-DAC6-4823-9DAF-0DB369C52287}.Debug|Any CPU.ActiveCfg = Debug|Any CPU
		{47B29C06-DAC6-4823-9DAF-0DB369C52287}.Debug|Any CPU.Build.0 = Debug|Any CPU
		{47B29C06-DAC6-4823-9DAF-0DB369C52287}.Release|Any CPU.ActiveCfg = Release|Any CPU
		{47B29C06-DAC6-4823-9DAF-0DB369C52287}.Release|Any CPU.Build.0 = Release|Any CPU
		{ACF7A13D-8FAB-4471-8672-EF9376AB9491}.Debug|Any CPU.ActiveCfg = Debug|Any CPU
		{ACF7A13D-8FAB-4471-8672-EF9376AB9491}.Debug|Any CPU.Build.0 = Debug|Any CPU
		{ACF7A13D-8FAB-4471-8672-EF9376AB9491}.Release|Any CPU.ActiveCfg = Release|Any CPU
		{ACF7A13D-8FAB-4471-8672-EF9376AB9491}.Release|Any CPU.Build.0 = Release|Any CPU
		{55FC74FA-D5DC-499D-A416-1D87D35DA998}.Debug|Any CPU.ActiveCfg = Debug|Any CPU
		{55FC74FA-D5DC-499D-A416-1D87D35DA998}.Debug|Any CPU.Build.0 = Debug|Any CPU
		{55FC74FA-D5DC-499D-A416-1D87D35DA998}.Release|Any CPU.ActiveCfg = Release|Any CPU
		{55FC74FA-D5DC-499D-A416-1D87D35DA998}.Release|Any CPU.Build.0 = Release|Any CPU
		{326951C9-940B-406D-8F65-97F5DF862158}.Debug|Any CPU.ActiveCfg = Debug|Any CPU
		{326951C9-940B-406D-8F65-97F5DF862158}.Debug|Any CPU.Build.0 = Debug|Any CPU
		{326951C9-940B-406D-8F65-97F5DF862158}.Release|Any CPU.ActiveCfg = Release|Any CPU
		{326951C9-940B-406D-8F65-97F5DF862158}.Release|Any CPU.Build.0 = Release|Any CPU
		{BA7D419B-6BCA-4566-AD1A-82F4542B3B4E}.Debug|Any CPU.ActiveCfg = Debug|Any CPU
		{BA7D419B-6BCA-4566-AD1A-82F4542B3B4E}.Debug|Any CPU.Build.0 = Debug|Any CPU
		{BA7D419B-6BCA-4566-AD1A-82F4542B3B4E}.Release|Any CPU.ActiveCfg = Release|Any CPU
		{BA7D419B-6BCA-4566-AD1A-82F4542B3B4E}.Release|Any CPU.Build.0 = Release|Any CPU
		{BD8292BF-A3AB-4903-94D6-1AF251763601}.Debug|Any CPU.ActiveCfg = Debug|Any CPU
		{BD8292BF-A3AB-4903-94D6-1AF251763601}.Debug|Any CPU.Build.0 = Debug|Any CPU
		{BD8292BF-A3AB-4903-94D6-1AF251763601}.Release|Any CPU.ActiveCfg = Release|Any CPU
		{BD8292BF-A3AB-4903-94D6-1AF251763601}.Release|Any CPU.Build.0 = Release|Any CPU
		{C3CA309C-2FBF-4EB6-B5A6-86CA68C108AB}.Debug|Any CPU.ActiveCfg = Debug|Any CPU
		{C3CA309C-2FBF-4EB6-B5A6-86CA68C108AB}.Debug|Any CPU.Build.0 = Debug|Any CPU
		{C3CA309C-2FBF-4EB6-B5A6-86CA68C108AB}.Release|Any CPU.ActiveCfg = Release|Any CPU
		{C3CA309C-2FBF-4EB6-B5A6-86CA68C108AB}.Release|Any CPU.Build.0 = Release|Any CPU
		{1D37423C-568E-4149-923A-75B8F189F57D}.Debug|Any CPU.ActiveCfg = Debug|Any CPU
		{1D37423C-568E-4149-923A-75B8F189F57D}.Debug|Any CPU.Build.0 = Debug|Any CPU
		{1D37423C-568E-4149-923A-75B8F189F57D}.Release|Any CPU.ActiveCfg = Release|Any CPU
		{1D37423C-568E-4149-923A-75B8F189F57D}.Release|Any CPU.Build.0 = Release|Any CPU
	EndGlobalSection
	GlobalSection(SolutionProperties) = preSolution
		HideSolutionNode = FALSE
	EndGlobalSection
	GlobalSection(NestedProjects) = preSolution
		{5D5FC88D-0C8D-49F1-8A99-189178BA36EA} = {BD6698C5-0B12-4707-85A6-7224D246248C}
		{77B73C36-3CBF-4C72-A93B-09DEC4830F80} = {BD6698C5-0B12-4707-85A6-7224D246248C}
		{D0164800-55A0-4776-9A7B-A7FE70A5D2FB} = {BD6698C5-0B12-4707-85A6-7224D246248C}
		{D1E0C6AF-106E-44DC-A1A8-6862B50D11E2} = {BD6698C5-0B12-4707-85A6-7224D246248C}
		{23BFA2E0-8132-4B4C-8C25-45696FCB14D3} = {BD6698C5-0B12-4707-85A6-7224D246248C}
		{0C85F165-9EAF-4975-9A87-E61C736B9E4E} = {BD6698C5-0B12-4707-85A6-7224D246248C}
		{DBCBF45B-F63E-4EBC-954B-178C2654F1DF} = {BD6698C5-0B12-4707-85A6-7224D246248C}
		{D684C7BA-CC3B-45D4-9378-AF201F9C3F07} = {BD6698C5-0B12-4707-85A6-7224D246248C}
		{7F2400FF-E1DD-412D-8C6C-0827C0763AED} = {BD6698C5-0B12-4707-85A6-7224D246248C}
		{4004ADBD-697E-43FE-A50B-3D006C0FBDD6} = {BD6698C5-0B12-4707-85A6-7224D246248C}
		{9A9693B4-35B6-44A2-8B6E-8B6F54E9DAD8} = {BD6698C5-0B12-4707-85A6-7224D246248C}
		{26E0B0D5-0DE3-4319-A62A-A5BEB2A758DD} = {BD6698C5-0B12-4707-85A6-7224D246248C}
		{644E3911-F540-4018-962F-F0191E795369} = {BD6698C5-0B12-4707-85A6-7224D246248C}
		{F42CCD43-DE90-461A-B475-A25899153660} = {BD6698C5-0B12-4707-85A6-7224D246248C}
		{5221E297-6356-4045-8167-2B71CC56019D} = {BD6698C5-0B12-4707-85A6-7224D246248C}
		{59124959-13B9-4DF7-8C34-46CE58DEFAEB} = {BD6698C5-0B12-4707-85A6-7224D246248C}
		{47C5597D-135B-4B4C-98E3-3FCDF6B01975} = {BD6698C5-0B12-4707-85A6-7224D246248C}
		{45B22ADA-3245-40E8-AF0D-83C2E05E1772} = {C5852559-7118-4A2E-9AC6-5CBD39D1850C}
		{B8532494-9319-4DAA-8E71-A2B599FCDBCD} = {C5852559-7118-4A2E-9AC6-5CBD39D1850C}
		{253D9DEB-4EEC-4384-B699-CF49EFE3457C} = {C5852559-7118-4A2E-9AC6-5CBD39D1850C}
		{6DD7CC2D-8086-4375-BD3D-8AE2FE17C2E7} = {C5852559-7118-4A2E-9AC6-5CBD39D1850C}
		{939DC72B-BADC-477C-A562-43402B9C8BC8} = {C5852559-7118-4A2E-9AC6-5CBD39D1850C}
		{73D2DA10-420E-4119-8E33-5AA7C09D5CD4} = {C5852559-7118-4A2E-9AC6-5CBD39D1850C}
		{CC40D1A2-A231-445F-9D64-1CD538614F88} = {C5852559-7118-4A2E-9AC6-5CBD39D1850C}
		{68D623E4-F46E-47FC-B1A9-F5413C7C8586} = {C5852559-7118-4A2E-9AC6-5CBD39D1850C}
		{74988052-7758-4DBE-BC4B-A0A8C5340F3A} = {C5852559-7118-4A2E-9AC6-5CBD39D1850C}
		{A698F713-3383-4A16-BD88-19E21A555034} = {C5852559-7118-4A2E-9AC6-5CBD39D1850C}
		{73C6F6AD-A913-4913-8897-696857365D77} = {37737DC2-AD18-4FD9-9A5D-6FF6A4A48BD0}
		{B3DA8882-9BF4-4E84-B8B3-6811D706BE46} = {37737DC2-AD18-4FD9-9A5D-6FF6A4A48BD0}
		{4F8FAA29-E204-4A7F-979A-5066648ABC72} = {37737DC2-AD18-4FD9-9A5D-6FF6A4A48BD0}
		{9F9B16BC-CED0-49B4-9AE3-F094F9ECF686} = {37737DC2-AD18-4FD9-9A5D-6FF6A4A48BD0}
		{BCA45654-AE89-4AAE-9AFC-C6CCF081A1EE} = {37737DC2-AD18-4FD9-9A5D-6FF6A4A48BD0}
		{6EAD9DB4-B311-45ED-8E19-3512AB063CC3} = {37737DC2-AD18-4FD9-9A5D-6FF6A4A48BD0}
		{5BABF386-80D5-4FC8-B6B0-6137F048A2C9} = {37737DC2-AD18-4FD9-9A5D-6FF6A4A48BD0}
		{799610E5-D2F1-4EED-8000-E50176117440} = {37737DC2-AD18-4FD9-9A5D-6FF6A4A48BD0}
		{796BD48F-2717-41A4-9AB6-46448A316C5A} = {37737DC2-AD18-4FD9-9A5D-6FF6A4A48BD0}
		{F2D936EE-192E-43A4-B3EA-E56403870A6D} = {37737DC2-AD18-4FD9-9A5D-6FF6A4A48BD0}
		{858AD133-14D5-4897-9111-4D63CCD57DCD} = {37737DC2-AD18-4FD9-9A5D-6FF6A4A48BD0}
		{3E860AE1-6E12-4EB2-B7CF-34576DD03B50} = {37737DC2-AD18-4FD9-9A5D-6FF6A4A48BD0}
		{EC84E21E-0197-4769-9E4A-86300C57CDBD} = {37737DC2-AD18-4FD9-9A5D-6FF6A4A48BD0}
		{55F3E7C8-EC2D-4B15-AC73-41AE8A5AB916} = {37737DC2-AD18-4FD9-9A5D-6FF6A4A48BD0}
		{4F07F0BD-464A-47AE-B2B6-5BBC971333E7} = {37737DC2-AD18-4FD9-9A5D-6FF6A4A48BD0}
		{124456D6-19ED-40BC-A501-D0DE89A2114E} = {37737DC2-AD18-4FD9-9A5D-6FF6A4A48BD0}
		{9FB277AC-7920-4CD4-91A2-816C8D87675D} = {37737DC2-AD18-4FD9-9A5D-6FF6A4A48BD0}
		{929AF2A5-7DDC-421F-A5B3-A3256185FE11} = {37737DC2-AD18-4FD9-9A5D-6FF6A4A48BD0}
		{9B239417-0606-4454-BDA7-2F44938363CF} = {37737DC2-AD18-4FD9-9A5D-6FF6A4A48BD0}
		{A213CECA-8FAC-40BB-98EF-43577FB606CB} = {37737DC2-AD18-4FD9-9A5D-6FF6A4A48BD0}
		{865DCE4C-C5A5-4DBF-8E0A-1BBED08B0E0D} = {37737DC2-AD18-4FD9-9A5D-6FF6A4A48BD0}
		{BD91EA78-1E5F-46B1-B9B9-D18A7922346F} = {16FA51CC-2016-491E-A055-641E1417A120}
		{5B81AF76-F430-449C-B6FE-3BD9978A7DBB} = {16FA51CC-2016-491E-A055-641E1417A120}
		{6A529026-CE7F-4522-814C-67384D223783} = {16FA51CC-2016-491E-A055-641E1417A120}
		{CE5C63EB-E3E1-413F-9196-D44D2D098958} = {16FA51CC-2016-491E-A055-641E1417A120}
		{CA530885-2231-49C9-A6D9-4B2309E3E256} = {16FA51CC-2016-491E-A055-641E1417A120}
		{C5B07A00-7B9C-49B2-AA5C-2C25DF5482BF} = {16FA51CC-2016-491E-A055-641E1417A120}
		{1C97DFB1-A777-480E-97E8-7DB86FBB91C9} = {16FA51CC-2016-491E-A055-641E1417A120}
		{FF99D46D-4EE3-4ECA-AA13-70C018D30489} = {16FA51CC-2016-491E-A055-641E1417A120}
		{DA396BC7-BEA4-416C-92A7-EFDCDF2375FE} = {16FA51CC-2016-491E-A055-641E1417A120}
		{343D09F2-AE61-40B7-94F0-5851B61AB5A1} = {16FA51CC-2016-491E-A055-641E1417A120}
		{FA691C70-9D13-4485-BF1E-21FC9899DF22} = {B8CBF1BC-9EBF-4F89-A9F3-7D8C434241E6}
		{50D79628-3FF6-4F7B-94B2-EF852E7CE135} = {B8CBF1BC-9EBF-4F89-A9F3-7D8C434241E6}
		{28F8DF40-36DD-4EC0-A412-07DD47A32289} = {B8CBF1BC-9EBF-4F89-A9F3-7D8C434241E6}
		{4582C0DA-D9B7-497A-B791-C9D4B03FC469} = {B8CBF1BC-9EBF-4F89-A9F3-7D8C434241E6}
		{A1B31BAF-9070-42DC-8BB7-9CEF1C55CE89} = {B8CBF1BC-9EBF-4F89-A9F3-7D8C434241E6}
		{C287DDFD-A3C6-4D5E-9259-45439281B4DF} = {B8CBF1BC-9EBF-4F89-A9F3-7D8C434241E6}
		{617C771B-FAF2-4B30-A9D5-D97025CCEB25} = {B8CBF1BC-9EBF-4F89-A9F3-7D8C434241E6}
		{D12DD82A-524A-4E48-AF88-7CA32FE61F0C} = {B8CBF1BC-9EBF-4F89-A9F3-7D8C434241E6}
		{291446B2-6CCE-407A-96EA-931398299B45} = {B8CBF1BC-9EBF-4F89-A9F3-7D8C434241E6}
		{00E64164-0175-4148-9BD8-1AC3528D1169} = {B8CBF1BC-9EBF-4F89-A9F3-7D8C434241E6}
		{2769E886-F72E-498C-85D2-7870BF048E0F} = {B8CBF1BC-9EBF-4F89-A9F3-7D8C434241E6}
		{18F96080-55F3-425E-9CC8-E70D3F995FFB} = {B8CBF1BC-9EBF-4F89-A9F3-7D8C434241E6}
		{44C94A4D-D40A-463E-BB93-6187589AEC70} = {B8CBF1BC-9EBF-4F89-A9F3-7D8C434241E6}
		{85304DE2-1012-4A59-9EFB-9F52B3C1C4A3} = {B8CBF1BC-9EBF-4F89-A9F3-7D8C434241E6}
		{D8244AAD-75C7-49AA-8DC8-FF9FCEB8E04A} = {B8CBF1BC-9EBF-4F89-A9F3-7D8C434241E6}
		{A78FAA13-F363-4F79-A746-C0FF3933A1AF} = {B8CBF1BC-9EBF-4F89-A9F3-7D8C434241E6}
		{D10BFD71-6E13-41B9-83CF-FE8D1A5086E1} = {B8CBF1BC-9EBF-4F89-A9F3-7D8C434241E6}
		{7E08B14D-4FDA-4216-BC50-B7975D0CD5BF} = {B8CBF1BC-9EBF-4F89-A9F3-7D8C434241E6}
		{7D383A55-20A0-401C-ACF8-FF14B34631BB} = {B8CBF1BC-9EBF-4F89-A9F3-7D8C434241E6}
		{BF1EDDBB-6C7F-4AE8-9EA1-669FFF6EC6A9} = {B8CBF1BC-9EBF-4F89-A9F3-7D8C434241E6}
		{6C36AD95-BD64-4F13-A94E-4D076893037A} = {B8CBF1BC-9EBF-4F89-A9F3-7D8C434241E6}
		{39E1EDD7-8EEE-470F-9672-5B99D78843F4} = {B8CBF1BC-9EBF-4F89-A9F3-7D8C434241E6}
		{B2478BDC-4FAD-4CBC-A7C8-382D90AA5D97} = {B8CBF1BC-9EBF-4F89-A9F3-7D8C434241E6}
		{39CC7A1B-51F9-4404-B2BF-1FD8AA529498} = {B8CBF1BC-9EBF-4F89-A9F3-7D8C434241E6}
		{8DAEA461-8783-4702-AE13-104BB9BDE38F} = {B8CBF1BC-9EBF-4F89-A9F3-7D8C434241E6}
		{C9D0C176-6119-45A2-A096-97342F081368} = {B8CBF1BC-9EBF-4F89-A9F3-7D8C434241E6}
		{095D4198-C6A4-4224-97BC-19399CFCD7AD} = {B8CBF1BC-9EBF-4F89-A9F3-7D8C434241E6}
		{7FFD8C0F-BB94-4795-8FB4-264C3C7E3488} = {B8CBF1BC-9EBF-4F89-A9F3-7D8C434241E6}
		{C123AD15-902A-4CCC-9838-87BF819E2B4D} = {B8CBF1BC-9EBF-4F89-A9F3-7D8C434241E6}
		{B84D82E0-5715-4E2F-8101-44B9CF716F99} = {B8CBF1BC-9EBF-4F89-A9F3-7D8C434241E6}
		{57F280CC-1355-4D4A-8CC9-1AAC82AD2679} = {B8CBF1BC-9EBF-4F89-A9F3-7D8C434241E6}
		{39550A43-CDA5-493B-B077-F23AD47840B0} = {B8CBF1BC-9EBF-4F89-A9F3-7D8C434241E6}
		{56D2CD44-C20D-446F-BE4F-240EC4E615AE} = {B8CBF1BC-9EBF-4F89-A9F3-7D8C434241E6}
		{DE9B1680-6C40-403B-B773-D0A0C0BA17C9} = {B8CBF1BC-9EBF-4F89-A9F3-7D8C434241E6}
		{9714E40A-175E-441D-8591-1DF7B316B3C3} = {B8CBF1BC-9EBF-4F89-A9F3-7D8C434241E6}
		{B2F8BCD4-17F3-4284-91A1-99402B958E8B} = {B8CBF1BC-9EBF-4F89-A9F3-7D8C434241E6}
		{DF8A58A4-D737-4ECE-8C27-D40444D0E9A6} = {B8CBF1BC-9EBF-4F89-A9F3-7D8C434241E6}
		{F4888738-B67C-4ACF-9190-5F074FD146D5} = {9C694244-6E49-4CD9-81A5-03FD3A7F5F20}
		{6A165998-EB1C-43DB-8995-A79CD7FE7761} = {9C694244-6E49-4CD9-81A5-03FD3A7F5F20}
		{88CD6ADD-4F52-4B1A-8581-CC7628B34E49} = {9C694244-6E49-4CD9-81A5-03FD3A7F5F20}
		{3BA8FA9D-78B0-49A3-9DB5-B117729FFBCC} = {9C694244-6E49-4CD9-81A5-03FD3A7F5F20}
		{D7F8D127-50B4-4843-A930-CC74C7423B07} = {9C694244-6E49-4CD9-81A5-03FD3A7F5F20}
		{0668CD37-8BF2-41D8-9D02-01F59BB3562D} = {9C694244-6E49-4CD9-81A5-03FD3A7F5F20}
		{09235D04-D639-4B8E-B1FF-07F7FA5F9C83} = {9C694244-6E49-4CD9-81A5-03FD3A7F5F20}
		{0AC7F286-1A88-4BCA-9FD4-7D00B7499DA7} = {9C694244-6E49-4CD9-81A5-03FD3A7F5F20}
		{01123A3D-9D62-4729-9261-E1CFDF3F1D0F} = {9C694244-6E49-4CD9-81A5-03FD3A7F5F20}
		{C151D926-722D-4B68-83C7-7D361B91F56E} = {9C694244-6E49-4CD9-81A5-03FD3A7F5F20}
		{62344F7D-F543-49F0-A0AC-FD28ADC3A7B6} = {9C694244-6E49-4CD9-81A5-03FD3A7F5F20}
		{38066306-079C-49A8-8CBF-154F6EF36379} = {9C694244-6E49-4CD9-81A5-03FD3A7F5F20}
		{615B6505-DFE3-485C-B036-380454C3DE37} = {9C694244-6E49-4CD9-81A5-03FD3A7F5F20}
		{47B29C06-DAC6-4823-9DAF-0DB369C52287} = {9C694244-6E49-4CD9-81A5-03FD3A7F5F20}
		{ACF7A13D-8FAB-4471-8672-EF9376AB9491} = {9C694244-6E49-4CD9-81A5-03FD3A7F5F20}
		{55FC74FA-D5DC-499D-A416-1D87D35DA998} = {3A2D98D5-80BD-4017-993D-7AF0FBF74255}
		{326951C9-940B-406D-8F65-97F5DF862158} = {3A2D98D5-80BD-4017-993D-7AF0FBF74255}
		{BA7D419B-6BCA-4566-AD1A-82F4542B3B4E} = {3A2D98D5-80BD-4017-993D-7AF0FBF74255}
		{BD8292BF-A3AB-4903-94D6-1AF251763601} = {3A2D98D5-80BD-4017-993D-7AF0FBF74255}
		{C3CA309C-2FBF-4EB6-B5A6-86CA68C108AB} = {3A2D98D5-80BD-4017-993D-7AF0FBF74255}
		{1D37423C-568E-4149-923A-75B8F189F57D} = {3A2D98D5-80BD-4017-993D-7AF0FBF74255}
	EndGlobalSection
	GlobalSection(ExtensibilityGlobals) = postSolution
		SolutionGuid = {A2431AA1-ECD5-48D6-B76F-3C558EF37EB1}
	EndGlobalSection
EndGlobal
